// !$*UTF8*$!
{
	archiveVersion = 1;
	classes = {
	};
	objectVersion = 48;
	objects = {

/* Begin PBXBuildFile section */
		0F02701521C16E8F006D4AA5 /* 2_16_18_Recke.wav in Resources */ = {isa = PBXBuildFile; fileRef = 0F026FF721C16E8C006D4AA5 /* 2_16_18_Recke.wav */; };
		0F02701621C16E8F006D4AA5 /* 2_15_17_Karsch.wav in Resources */ = {isa = PBXBuildFile; fileRef = 0F026FF821C16E8C006D4AA5 /* 2_15_17_Karsch.wav */; };
		0F02701721C16E8F006D4AA5 /* 2_16_16_Recke.wav in Resources */ = {isa = PBXBuildFile; fileRef = 0F026FF921C16E8C006D4AA5 /* 2_16_16_Recke.wav */; };
		0F02701821C16E8F006D4AA5 /* 2_16_10_Recke.wav in Resources */ = {isa = PBXBuildFile; fileRef = 0F026FFA21C16E8C006D4AA5 /* 2_16_10_Recke.wav */; };
		0F02701921C16E8F006D4AA5 /* 2_20_14_LaRoche.wav in Resources */ = {isa = PBXBuildFile; fileRef = 0F026FFB21C16E8C006D4AA5 /* 2_20_14_LaRoche.wav */; };
		0F02701A21C16E8F006D4AA5 /* 2_16_15_Recke.wav in Resources */ = {isa = PBXBuildFile; fileRef = 0F026FFC21C16E8D006D4AA5 /* 2_16_15_Recke.wav */; };
		0F02701B21C16E8F006D4AA5 /* 2_16_17_Recke.wav in Resources */ = {isa = PBXBuildFile; fileRef = 0F026FFD21C16E8D006D4AA5 /* 2_16_17_Recke.wav */; };
		0F02701C21C16E8F006D4AA5 /* 2_20_13_LaRoche.wav in Resources */ = {isa = PBXBuildFile; fileRef = 0F026FFE21C16E8D006D4AA5 /* 2_20_13_LaRoche.wav */; };
		0F02701D21C16E8F006D4AA5 /* 2_16_13_Recke.wav in Resources */ = {isa = PBXBuildFile; fileRef = 0F026FFF21C16E8D006D4AA5 /* 2_16_13_Recke.wav */; };
		0F02701E21C16E8F006D4AA5 /* 2_20_15_LaRoche.wav in Resources */ = {isa = PBXBuildFile; fileRef = 0F02700021C16E8D006D4AA5 /* 2_20_15_LaRoche.wav */; };
		0F02701F21C16E8F006D4AA5 /* 2_15_16_Karsch.wav in Resources */ = {isa = PBXBuildFile; fileRef = 0F02700121C16E8D006D4AA5 /* 2_15_16_Karsch.wav */; };
		0F02702021C16E8F006D4AA5 /* 2_20_10_LaRoche.wav in Resources */ = {isa = PBXBuildFile; fileRef = 0F02700221C16E8D006D4AA5 /* 2_20_10_LaRoche.wav */; };
		0F02702121C16E8F006D4AA5 /* 2_20_17_LaRoche.wav in Resources */ = {isa = PBXBuildFile; fileRef = 0F02700321C16E8D006D4AA5 /* 2_20_17_LaRoche.wav */; };
		0F02702221C16E8F006D4AA5 /* 2_15_14_Karsch.wav in Resources */ = {isa = PBXBuildFile; fileRef = 0F02700421C16E8D006D4AA5 /* 2_15_14_Karsch.wav */; };
		0F02702321C16E8F006D4AA5 /* 2_16_14_Recke.wav in Resources */ = {isa = PBXBuildFile; fileRef = 0F02700521C16E8D006D4AA5 /* 2_16_14_Recke.wav */; };
		0F02702421C16E8F006D4AA5 /* 2_20_12_LaRoche.wav in Resources */ = {isa = PBXBuildFile; fileRef = 0F02700621C16E8D006D4AA5 /* 2_20_12_LaRoche.wav */; };
		0F02702521C16E8F006D4AA5 /* 2_20_19_LaRoche.wav in Resources */ = {isa = PBXBuildFile; fileRef = 0F02700721C16E8D006D4AA5 /* 2_20_19_LaRoche.wav */; };
		0F02702621C16E8F006D4AA5 /* 2_16_11_Recke.wav in Resources */ = {isa = PBXBuildFile; fileRef = 0F02700821C16E8D006D4AA5 /* 2_16_11_Recke.wav */; };
		0F02702721C16E8F006D4AA5 /* 2_15_10_Karsch.wav in Resources */ = {isa = PBXBuildFile; fileRef = 0F02700921C16E8E006D4AA5 /* 2_15_10_Karsch.wav */; };
		0F02702821C16E8F006D4AA5 /* 2_15_15_Karsch.wav in Resources */ = {isa = PBXBuildFile; fileRef = 0F02700A21C16E8E006D4AA5 /* 2_15_15_Karsch.wav */; };
		0F02702921C16E8F006D4AA5 /* 2_15_19_Karsch.wav in Resources */ = {isa = PBXBuildFile; fileRef = 0F02700B21C16E8E006D4AA5 /* 2_15_19_Karsch.wav */; };
		0F02702A21C16E8F006D4AA5 /* 2_16_19_Recke.wav in Resources */ = {isa = PBXBuildFile; fileRef = 0F02700C21C16E8E006D4AA5 /* 2_16_19_Recke.wav */; };
		0F02702B21C16E8F006D4AA5 /* 2_15_12_Karsch.wav in Resources */ = {isa = PBXBuildFile; fileRef = 0F02700D21C16E8E006D4AA5 /* 2_15_12_Karsch.wav */; };
		0F02702C21C16E8F006D4AA5 /* 2_20_18_LaRoche.wav in Resources */ = {isa = PBXBuildFile; fileRef = 0F02700E21C16E8E006D4AA5 /* 2_20_18_LaRoche.wav */; };
		0F02702D21C16E8F006D4AA5 /* 2_15_11_Karsch.wav in Resources */ = {isa = PBXBuildFile; fileRef = 0F02700F21C16E8E006D4AA5 /* 2_15_11_Karsch.wav */; };
		0F02702E21C16E8F006D4AA5 /* 2_16_12_Recke.wav in Resources */ = {isa = PBXBuildFile; fileRef = 0F02701021C16E8E006D4AA5 /* 2_16_12_Recke.wav */; };
		0F02702F21C16E8F006D4AA5 /* 2_15_13_Karsch.wav in Resources */ = {isa = PBXBuildFile; fileRef = 0F02701121C16E8E006D4AA5 /* 2_15_13_Karsch.wav */; };
		0F02703021C16E8F006D4AA5 /* 2_20_11_LaRoche.wav in Resources */ = {isa = PBXBuildFile; fileRef = 0F02701221C16E8F006D4AA5 /* 2_20_11_LaRoche.wav */; };
		0F02703121C16E8F006D4AA5 /* 2_20_16_LaRoche.wav in Resources */ = {isa = PBXBuildFile; fileRef = 0F02701321C16E8F006D4AA5 /* 2_20_16_LaRoche.wav */; };
		0F02703221C16E8F006D4AA5 /* 2_15_18_Karsch.wav in Resources */ = {isa = PBXBuildFile; fileRef = 0F02701421C16E8F006D4AA5 /* 2_15_18_Karsch.wav */; };
		0F02708D21C17035006D4AA5 /* 2_16_11_Recke.wav in Resources */ = {isa = PBXBuildFile; fileRef = 0F02703321C17021006D4AA5 /* 2_16_11_Recke.wav */; };
		0F02708E21C17035006D4AA5 /* 2_20_15_LaRoche.wav in Resources */ = {isa = PBXBuildFile; fileRef = 0F02703421C17021006D4AA5 /* 2_20_15_LaRoche.wav */; };
		0F02708F21C17035006D4AA5 /* 1_17_14_Nicolai.wav in Resources */ = {isa = PBXBuildFile; fileRef = 0F02703521C17021006D4AA5 /* 1_17_14_Nicolai.wav */; };
		0F02709021C17035006D4AA5 /* 2_14_17_Gleim_alt.wav in Resources */ = {isa = PBXBuildFile; fileRef = 0F02703621C17022006D4AA5 /* 2_14_17_Gleim_alt.wav */; };
		0F02709121C17035006D4AA5 /* 2_26_14_Eschenburg.wav in Resources */ = {isa = PBXBuildFile; fileRef = 0F02703721C17022006D4AA5 /* 2_26_14_Eschenburg.wav */; };
		0F02709221C17035006D4AA5 /* 1_22_19_Weitsch.wav in Resources */ = {isa = PBXBuildFile; fileRef = 0F02703821C17022006D4AA5 /* 1_22_19_Weitsch.wav */; };
		0F02709321C17035006D4AA5 /* 2_15_14_Karsch.wav in Resources */ = {isa = PBXBuildFile; fileRef = 0F02703921C17022006D4AA5 /* 2_15_14_Karsch.wav */; };
		0F02709421C17035006D4AA5 /* 2_15_18_Karsch.wav in Resources */ = {isa = PBXBuildFile; fileRef = 0F02703A21C17022006D4AA5 /* 2_15_18_Karsch.wav */; };
		0F02709521C17035006D4AA5 /* 2_16_12_Recke.wav in Resources */ = {isa = PBXBuildFile; fileRef = 0F02703B21C17022006D4AA5 /* 2_16_12_Recke.wav */; };
		0F02709621C17035006D4AA5 /* 1_13_10_Ramler.wav in Resources */ = {isa = PBXBuildFile; fileRef = 0F02703C21C17023006D4AA5 /* 1_13_10_Ramler.wav */; };
		0F02709721C17035006D4AA5 /* 2_20_12_LaRoche.wav in Resources */ = {isa = PBXBuildFile; fileRef = 0F02703D21C17023006D4AA5 /* 2_20_12_LaRoche.wav */; };
		0F02709821C17035006D4AA5 /* 2_15_11_Karsch.wav in Resources */ = {isa = PBXBuildFile; fileRef = 0F02703E21C17023006D4AA5 /* 2_15_11_Karsch.wav */; };
		0F02709921C17035006D4AA5 /* 2_20_19_LaRoche.wav in Resources */ = {isa = PBXBuildFile; fileRef = 0F02703F21C17023006D4AA5 /* 2_20_19_LaRoche.wav */; };
		0F02709A21C17035006D4AA5 /* 2_26_13_Eschenburg.wav in Resources */ = {isa = PBXBuildFile; fileRef = 0F02704021C17023006D4AA5 /* 2_26_13_Eschenburg.wav */; };
		0F02709B21C17035006D4AA5 /* 1_17_17_Nicolai.wav in Resources */ = {isa = PBXBuildFile; fileRef = 0F02704121C17024006D4AA5 /* 1_17_17_Nicolai.wav */; };
		0F02709C21C17035006D4AA5 /* 2_27_15_Klotz.wav in Resources */ = {isa = PBXBuildFile; fileRef = 0F02704221C17024006D4AA5 /* 2_27_15_Klotz.wav */; };
		0F02709D21C17035006D4AA5 /* 1_22_10_Weitsch.wav in Resources */ = {isa = PBXBuildFile; fileRef = 0F02704321C17024006D4AA5 /* 1_22_10_Weitsch.wav */; };
		0F02709E21C17035006D4AA5 /* 2_16_17_Recke.wav in Resources */ = {isa = PBXBuildFile; fileRef = 0F02704421C17024006D4AA5 /* 2_16_17_Recke.wav */; };
		0F02709F21C17035006D4AA5 /* 2_20_13_LaRoche.wav in Resources */ = {isa = PBXBuildFile; fileRef = 0F02704521C17024006D4AA5 /* 2_20_13_LaRoche.wav */; };
		0F0270A021C17035006D4AA5 /* 2_20_18_LaRoche.wav in Resources */ = {isa = PBXBuildFile; fileRef = 0F02704621C17025006D4AA5 /* 2_20_18_LaRoche.wav */; };
		0F0270A121C17035006D4AA5 /* 2_15_17_Karsch.wav in Resources */ = {isa = PBXBuildFile; fileRef = 0F02704721C17025006D4AA5 /* 2_15_17_Karsch.wav */; };
		0F0270A221C17035006D4AA5 /* 1_17_11_Nicolai.wav in Resources */ = {isa = PBXBuildFile; fileRef = 0F02704821C17025006D4AA5 /* 1_17_11_Nicolai.wav */; };
		0F0270A321C17035006D4AA5 /* 2_16_13_Recke.wav in Resources */ = {isa = PBXBuildFile; fileRef = 0F02704921C17025006D4AA5 /* 2_16_13_Recke.wav */; };
		0F0270A421C17035006D4AA5 /* 2_27_10_Klotz.wav in Resources */ = {isa = PBXBuildFile; fileRef = 0F02704A21C17025006D4AA5 /* 2_27_10_Klotz.wav */; };
		0F0270A521C17035006D4AA5 /* 2_27_14_Klotz.wav in Resources */ = {isa = PBXBuildFile; fileRef = 0F02704B21C17025006D4AA5 /* 2_27_14_Klotz.wav */; };
		0F0270A621C17035006D4AA5 /* 2_26_15_Eschenburg.wav in Resources */ = {isa = PBXBuildFile; fileRef = 0F02704C21C17026006D4AA5 /* 2_26_15_Eschenburg.wav */; };
		0F0270A721C17035006D4AA5 /* 2_14_16_Gleim_alt.wav in Resources */ = {isa = PBXBuildFile; fileRef = 0F02704D21C17026006D4AA5 /* 2_14_16_Gleim_alt.wav */; };
		0F0270A821C17035006D4AA5 /* 2_26_10_Eschenburg.wav in Resources */ = {isa = PBXBuildFile; fileRef = 0F02704E21C17026006D4AA5 /* 2_26_10_Eschenburg.wav */; };
		0F0270A921C17035006D4AA5 /* 2_26_19_Eschenburg.wav in Resources */ = {isa = PBXBuildFile; fileRef = 0F02704F21C17026006D4AA5 /* 2_26_19_Eschenburg.wav */; };
		0F0270AA21C17035006D4AA5 /* 1_13_17_Ramler.wav in Resources */ = {isa = PBXBuildFile; fileRef = 0F02705021C17026006D4AA5 /* 1_13_17_Ramler.wav */; };
		0F0270AB21C17035006D4AA5 /* 1_13_11_Ramler.wav in Resources */ = {isa = PBXBuildFile; fileRef = 0F02705121C17026006D4AA5 /* 1_13_11_Ramler.wav */; };
		0F0270AC21C17035006D4AA5 /* 1_17_15_Nicolai.wav in Resources */ = {isa = PBXBuildFile; fileRef = 0F02705221C17027006D4AA5 /* 1_17_15_Nicolai.wav */; };
		0F0270AD21C17035006D4AA5 /* 2_27_11_Klotz.wav in Resources */ = {isa = PBXBuildFile; fileRef = 0F02705321C17027006D4AA5 /* 2_27_11_Klotz.wav */; };
		0F0270AE21C17035006D4AA5 /* 2_14_19_Gleim_alt.wav in Resources */ = {isa = PBXBuildFile; fileRef = 0F02705421C17027006D4AA5 /* 2_14_19_Gleim_alt.wav */; };
		0F0270AF21C17035006D4AA5 /* 1_22_17_Weitsch.wav in Resources */ = {isa = PBXBuildFile; fileRef = 0F02705521C17027006D4AA5 /* 1_22_17_Weitsch.wav */; };
		0F0270B021C17035006D4AA5 /* 2_14_14_Gleim_alt.wav in Resources */ = {isa = PBXBuildFile; fileRef = 0F02705621C17027006D4AA5 /* 2_14_14_Gleim_alt.wav */; };
		0F0270B121C17035006D4AA5 /* 1_13_15_Ramler.wav in Resources */ = {isa = PBXBuildFile; fileRef = 0F02705721C17028006D4AA5 /* 1_13_15_Ramler.wav */; };
		0F0270B221C17035006D4AA5 /* 1_22_16_Weitsch.wav in Resources */ = {isa = PBXBuildFile; fileRef = 0F02705821C17028006D4AA5 /* 1_22_16_Weitsch.wav */; };
		0F0270B321C17035006D4AA5 /* 1_13_18_Ramler.wav in Resources */ = {isa = PBXBuildFile; fileRef = 0F02705921C17028006D4AA5 /* 1_13_18_Ramler.wav */; };
		0F0270B421C17035006D4AA5 /* 1_13_14_Ramler.wav in Resources */ = {isa = PBXBuildFile; fileRef = 0F02705A21C17028006D4AA5 /* 1_13_14_Ramler.wav */; };
		0F0270B521C17035006D4AA5 /* 1_22_11_Weitsch.wav in Resources */ = {isa = PBXBuildFile; fileRef = 0F02705B21C17028006D4AA5 /* 1_22_11_Weitsch.wav */; };
		0F0270B621C17035006D4AA5 /* 1_22_14_Weitsch.wav in Resources */ = {isa = PBXBuildFile; fileRef = 0F02705C21C17028006D4AA5 /* 1_22_14_Weitsch.wav */; };
		0F0270B721C17035006D4AA5 /* 2_15_19_Karsch.wav in Resources */ = {isa = PBXBuildFile; fileRef = 0F02705D21C17029006D4AA5 /* 2_15_19_Karsch.wav */; };
		0F0270B821C17035006D4AA5 /* 2_14_15_Gleim_alt.wav in Resources */ = {isa = PBXBuildFile; fileRef = 0F02705E21C17029006D4AA5 /* 2_14_15_Gleim_alt.wav */; };
		0F0270B921C17035006D4AA5 /* 2_26_16_Eschenburg.wav in Resources */ = {isa = PBXBuildFile; fileRef = 0F02705F21C17029006D4AA5 /* 2_26_16_Eschenburg.wav */; };
		0F0270BA21C17035006D4AA5 /* 2_27_12_Klotz.wav in Resources */ = {isa = PBXBuildFile; fileRef = 0F02706021C17029006D4AA5 /* 2_27_12_Klotz.wav */; };
		0F0270BB21C17035006D4AA5 /* 2_14_11_Gleim_alt.wav in Resources */ = {isa = PBXBuildFile; fileRef = 0F02706121C17029006D4AA5 /* 2_14_11_Gleim_alt.wav */; };
		0F0270BC21C17035006D4AA5 /* 2_15_15_Karsch.wav in Resources */ = {isa = PBXBuildFile; fileRef = 0F02706221C1702A006D4AA5 /* 2_15_15_Karsch.wav */; };
		0F0270BD21C17035006D4AA5 /* 2_16_18_Recke.wav in Resources */ = {isa = PBXBuildFile; fileRef = 0F02706321C1702A006D4AA5 /* 2_16_18_Recke.wav */; };
		0F0270BE21C17035006D4AA5 /* 2_27_17_Klotz.wav in Resources */ = {isa = PBXBuildFile; fileRef = 0F02706421C1702A006D4AA5 /* 2_27_17_Klotz.wav */; };
		0F0270BF21C17035006D4AA5 /* 1_22_13_Weitsch.wav in Resources */ = {isa = PBXBuildFile; fileRef = 0F02706521C1702A006D4AA5 /* 1_22_13_Weitsch.wav */; };
		0F0270C021C17035006D4AA5 /* 2_27_18_Klotz.wav in Resources */ = {isa = PBXBuildFile; fileRef = 0F02706621C1702A006D4AA5 /* 2_27_18_Klotz.wav */; };
		0F0270C121C17035006D4AA5 /* 2_14_13_Gleim_alt.wav in Resources */ = {isa = PBXBuildFile; fileRef = 0F02706721C1702B006D4AA5 /* 2_14_13_Gleim_alt.wav */; };
		0F0270C221C17035006D4AA5 /* 2_20_11_LaRoche.wav in Resources */ = {isa = PBXBuildFile; fileRef = 0F02706821C1702C006D4AA5 /* 2_20_11_LaRoche.wav */; };
		0F0270C321C17035006D4AA5 /* 2_26_11_Eschenburg.wav in Resources */ = {isa = PBXBuildFile; fileRef = 0F02706921C1702D006D4AA5 /* 2_26_11_Eschenburg.wav */; };
		0F0270C421C17035006D4AA5 /* 1_17_10_Nicolai.wav in Resources */ = {isa = PBXBuildFile; fileRef = 0F02706A21C1702D006D4AA5 /* 1_17_10_Nicolai.wav */; };
		0F0270C521C17035006D4AA5 /* 1_17_19_Nicolai.wav in Resources */ = {isa = PBXBuildFile; fileRef = 0F02706B21C1702D006D4AA5 /* 1_17_19_Nicolai.wav */; };
		0F0270C621C17035006D4AA5 /* 2_15_16_Karsch.wav in Resources */ = {isa = PBXBuildFile; fileRef = 0F02706C21C1702E006D4AA5 /* 2_15_16_Karsch.wav */; };
		0F0270C721C17035006D4AA5 /* 2_16_15_Recke.wav in Resources */ = {isa = PBXBuildFile; fileRef = 0F02706D21C1702E006D4AA5 /* 2_16_15_Recke.wav */; };
		0F0270C821C17035006D4AA5 /* 2_27_16_Klotz.wav in Resources */ = {isa = PBXBuildFile; fileRef = 0F02706E21C1702E006D4AA5 /* 2_27_16_Klotz.wav */; };
		0F0270C921C17035006D4AA5 /* 1_17_12_Nicolai.wav in Resources */ = {isa = PBXBuildFile; fileRef = 0F02706F21C1702E006D4AA5 /* 1_17_12_Nicolai.wav */; };
		0F0270CA21C17035006D4AA5 /* 1_13_16_Ramler.wav in Resources */ = {isa = PBXBuildFile; fileRef = 0F02707021C1702E006D4AA5 /* 1_13_16_Ramler.wav */; };
		0F0270CB21C17035006D4AA5 /* 2_16_19_Recke.wav in Resources */ = {isa = PBXBuildFile; fileRef = 0F02707121C1702F006D4AA5 /* 2_16_19_Recke.wav */; };
		0F0270CC21C17035006D4AA5 /* 1_17_13_Nicolai.wav in Resources */ = {isa = PBXBuildFile; fileRef = 0F02707221C1702F006D4AA5 /* 1_17_13_Nicolai.wav */; };
		0F0270CD21C17035006D4AA5 /* 2_16_10_Recke.wav in Resources */ = {isa = PBXBuildFile; fileRef = 0F02707321C1702F006D4AA5 /* 2_16_10_Recke.wav */; };
		0F0270CE21C17035006D4AA5 /* 1_22_18_Weitsch.wav in Resources */ = {isa = PBXBuildFile; fileRef = 0F02707421C1702F006D4AA5 /* 1_22_18_Weitsch.wav */; };
		0F0270CF21C17035006D4AA5 /* 2_14_18_Gleim_alt.wav in Resources */ = {isa = PBXBuildFile; fileRef = 0F02707521C1702F006D4AA5 /* 2_14_18_Gleim_alt.wav */; };
		0F0270D021C17035006D4AA5 /* 2_15_12_Karsch.wav in Resources */ = {isa = PBXBuildFile; fileRef = 0F02707621C1702F006D4AA5 /* 2_15_12_Karsch.wav */; };
		0F0270D121C17035006D4AA5 /* 2_15_13_Karsch.wav in Resources */ = {isa = PBXBuildFile; fileRef = 0F02707721C17030006D4AA5 /* 2_15_13_Karsch.wav */; };
		0F0270D221C17035006D4AA5 /* 2_20_10_LaRoche.wav in Resources */ = {isa = PBXBuildFile; fileRef = 0F02707821C17030006D4AA5 /* 2_20_10_LaRoche.wav */; };
		0F0270D321C17035006D4AA5 /* 2_20_14_LaRoche.wav in Resources */ = {isa = PBXBuildFile; fileRef = 0F02707921C17030006D4AA5 /* 2_20_14_LaRoche.wav */; };
		0F0270D421C17035006D4AA5 /* 2_26_18_Eschenburg.wav in Resources */ = {isa = PBXBuildFile; fileRef = 0F02707A21C17030006D4AA5 /* 2_26_18_Eschenburg.wav */; };
		0F0270D521C17035006D4AA5 /* 1_13_19_Ramler.wav in Resources */ = {isa = PBXBuildFile; fileRef = 0F02707B21C17030006D4AA5 /* 1_13_19_Ramler.wav */; };
		0F0270D621C17035006D4AA5 /* 2_14_10_Gleim_alt.wav in Resources */ = {isa = PBXBuildFile; fileRef = 0F02707C21C17030006D4AA5 /* 2_14_10_Gleim_alt.wav */; };
		0F0270D721C17035006D4AA5 /* 2_14_12_Gleim_alt.wav in Resources */ = {isa = PBXBuildFile; fileRef = 0F02707D21C17031006D4AA5 /* 2_14_12_Gleim_alt.wav */; };
		0F0270D821C17035006D4AA5 /* 2_27_19_Klotz.wav in Resources */ = {isa = PBXBuildFile; fileRef = 0F02707E21C17031006D4AA5 /* 2_27_19_Klotz.wav */; };
		0F0270D921C17035006D4AA5 /* 1_13_13_Ramler.wav in Resources */ = {isa = PBXBuildFile; fileRef = 0F02707F21C17031006D4AA5 /* 1_13_13_Ramler.wav */; };
		0F0270DA21C17035006D4AA5 /* 1_13_12_Ramler.wav in Resources */ = {isa = PBXBuildFile; fileRef = 0F02708021C17031006D4AA5 /* 1_13_12_Ramler.wav */; };
		0F0270DB21C17035006D4AA5 /* 1_17_16_Nicolai.wav in Resources */ = {isa = PBXBuildFile; fileRef = 0F02708121C17031006D4AA5 /* 1_17_16_Nicolai.wav */; };
		0F0270DC21C17035006D4AA5 /* 2_26_12_Eschenburg.wav in Resources */ = {isa = PBXBuildFile; fileRef = 0F02708221C17032006D4AA5 /* 2_26_12_Eschenburg.wav */; };
		0F0270DD21C17035006D4AA5 /* 2_20_16_LaRoche.wav in Resources */ = {isa = PBXBuildFile; fileRef = 0F02708321C17032006D4AA5 /* 2_20_16_LaRoche.wav */; };
		0F0270DE21C17035006D4AA5 /* 2_15_10_Karsch.wav in Resources */ = {isa = PBXBuildFile; fileRef = 0F02708421C17032006D4AA5 /* 2_15_10_Karsch.wav */; };
		0F0270DF21C17035006D4AA5 /* 2_27_13_Klotz.wav in Resources */ = {isa = PBXBuildFile; fileRef = 0F02708521C17032006D4AA5 /* 2_27_13_Klotz.wav */; };
		0F0270E021C17035006D4AA5 /* 2_16_16_Recke.wav in Resources */ = {isa = PBXBuildFile; fileRef = 0F02708621C17032006D4AA5 /* 2_16_16_Recke.wav */; };
		0F0270E121C17035006D4AA5 /* 2_26_17_Eschenburg.wav in Resources */ = {isa = PBXBuildFile; fileRef = 0F02708721C17032006D4AA5 /* 2_26_17_Eschenburg.wav */; };
		0F0270E221C17035006D4AA5 /* 1_22_12_Weitsch.wav in Resources */ = {isa = PBXBuildFile; fileRef = 0F02708821C17033006D4AA5 /* 1_22_12_Weitsch.wav */; };
		0F0270E321C17035006D4AA5 /* 2_20_17_LaRoche.wav in Resources */ = {isa = PBXBuildFile; fileRef = 0F02708921C17033006D4AA5 /* 2_20_17_LaRoche.wav */; };
		0F0270E421C17035006D4AA5 /* 2_16_14_Recke.wav in Resources */ = {isa = PBXBuildFile; fileRef = 0F02708A21C17033006D4AA5 /* 2_16_14_Recke.wav */; };
		0F0270E521C17035006D4AA5 /* 1_22_15_Weitsch.wav in Resources */ = {isa = PBXBuildFile; fileRef = 0F02708B21C17034006D4AA5 /* 1_22_15_Weitsch.wav */; };
		0F0270E621C17035006D4AA5 /* 1_17_18_Nicolai.wav in Resources */ = {isa = PBXBuildFile; fileRef = 0F02708C21C17034006D4AA5 /* 1_17_18_Nicolai.wav */; };
		0F225E05218066A500EAE6FB /* pling.wav in Resources */ = {isa = PBXBuildFile; fileRef = 0F225E04218066A400EAE6FB /* pling.wav */; };
		0F4C503021889628002C52FA /* Test_Box3.aif in Resources */ = {isa = PBXBuildFile; fileRef = 0F4C502F21889628002C52FA /* Test_Box3.aif */; };
		0F4C503121889628002C52FA /* Test_Box3.aif in Resources */ = {isa = PBXBuildFile; fileRef = 0F4C502F21889628002C52FA /* Test_Box3.aif */; };
		0F4C503221889628002C52FA /* Test_Box3.aif in Resources */ = {isa = PBXBuildFile; fileRef = 0F4C502F21889628002C52FA /* Test_Box3.aif */; };
		0F4C503421889633002C52FA /* Test_Box4.aif in Resources */ = {isa = PBXBuildFile; fileRef = 0F4C503321889633002C52FA /* Test_Box4.aif */; };
		0F4C503521889633002C52FA /* Test_Box4.aif in Resources */ = {isa = PBXBuildFile; fileRef = 0F4C503321889633002C52FA /* Test_Box4.aif */; };
		0F4C503621889633002C52FA /* Test_Box4.aif in Resources */ = {isa = PBXBuildFile; fileRef = 0F4C503321889633002C52FA /* Test_Box4.aif */; };
		0F57506021B7C407008B9850 /* Fantastic Beasts - abspann.mp3 in Resources */ = {isa = PBXBuildFile; fileRef = 0F57505F21B7C407008B9850 /* Fantastic Beasts - abspann.mp3 */; };
		0F57506321B7C562008B9850 /* WindowController.swift in Sources */ = {isa = PBXBuildFile; fileRef = 0F57506121B7C562008B9850 /* WindowController.swift */; };
		0FAEDCA32179FFD400007443 /* Test_Box2.aif in Resources */ = {isa = PBXBuildFile; fileRef = 0FAEDCA22179FFD400007443 /* Test_Box2.aif */; };
		0FAEDCA5217A00CA00007443 /* Test_Box1.aif in Resources */ = {isa = PBXBuildFile; fileRef = 0FAEDCA4217A00CA00007443 /* Test_Box1.aif */; };
		0FAEDCA6217A00CA00007443 /* Test_Box1.aif in Resources */ = {isa = PBXBuildFile; fileRef = 0FAEDCA4217A00CA00007443 /* Test_Box1.aif */; };
		0FAEDCA7217A00CA00007443 /* Test_Box1.aif in Resources */ = {isa = PBXBuildFile; fileRef = 0FAEDCA4217A00CA00007443 /* Test_Box1.aif */; };
		0FCD95A021809E4300051951 /* SystemFertigGeladen.wav in Resources */ = {isa = PBXBuildFile; fileRef = 0FCD959F21809E4200051951 /* SystemFertigGeladen.wav */; };
		1EAF6CA0DD7FF0E11D3AD150 /* Pods_MistyTest.framework in Frameworks */ = {isa = PBXBuildFile; fileRef = 265131D1F4A86AF956F315C7 /* Pods_MistyTest.framework */; };
		28B7FEE8A78A27E3DF6541F9 /* Pods_MistyTestTests.framework in Frameworks */ = {isa = PBXBuildFile; fileRef = F221B5DFA4C3D2E37ABA62D4 /* Pods_MistyTestTests.framework */; };
		61433D4A0891852185E5237C /* Pods_MistyTestUITests.framework in Frameworks */ = {isa = PBXBuildFile; fileRef = 64437962A7FB49EEA6DFA60A /* Pods_MistyTestUITests.framework */; };
		B909C68720CD8B0000C96EEA /* file.txt in Resources */ = {isa = PBXBuildFile; fileRef = B909C68620CD8B0000C96EEA /* file.txt */; };
		B9146FB020889BB4000FCF4F /* FileStalker.swift in Sources */ = {isa = PBXBuildFile; fileRef = B9146FAF20889BB4000FCF4F /* FileStalker.swift */; };
		B91E9C1820B6EE4C0004A0C2 /* GleimMenuStructure.xml in Resources */ = {isa = PBXBuildFile; fileRef = B91E9C1720B6EE4C0004A0C2 /* GleimMenuStructure.xml */; };
		B91FE790209C62BB00638CAB /* XmlMenuReader.swift in Sources */ = {isa = PBXBuildFile; fileRef = B91FE78F209C62BB00638CAB /* XmlMenuReader.swift */; };
		B9535C8C207A401400E34868 /* GleimMenu.swift in Sources */ = {isa = PBXBuildFile; fileRef = B9535C8B207A401400E34868 /* GleimMenu.swift */; };
		B9535C8E207A43DF00E34868 /* MenuCreator.swift in Sources */ = {isa = PBXBuildFile; fileRef = B9535C8D207A43DF00E34868 /* MenuCreator.swift */; };
		B9C2004920CFF281002D640B /* gleim_portrait.wav in Resources */ = {isa = PBXBuildFile; fileRef = B9C2004820CFF281002D640B /* gleim_portrait.wav */; };
		B9C2004B20CFF28D002D640B /* lavater_gleim.wav in Resources */ = {isa = PBXBuildFile; fileRef = B9C2004A20CFF28D002D640B /* lavater_gleim.wav */; };
		B9C2004D20CFF298002D640B /* wieland_gleim.wav in Resources */ = {isa = PBXBuildFile; fileRef = B9C2004C20CFF298002D640B /* wieland_gleim.wav */; };
		F9342AAD1FC1E32F0018FC78 /* AppDelegate.swift in Sources */ = {isa = PBXBuildFile; fileRef = F9342AAC1FC1E32F0018FC78 /* AppDelegate.swift */; };
		F9342AAF1FC1E32F0018FC78 /* ViewController.swift in Sources */ = {isa = PBXBuildFile; fileRef = F9342AAE1FC1E32F0018FC78 /* ViewController.swift */; };
		F9342AB11FC1E32F0018FC78 /* Assets.xcassets in Resources */ = {isa = PBXBuildFile; fileRef = F9342AB01FC1E32F0018FC78 /* Assets.xcassets */; };
		F9342AB41FC1E32F0018FC78 /* Main.storyboard in Resources */ = {isa = PBXBuildFile; fileRef = F9342AB21FC1E32F0018FC78 /* Main.storyboard */; };
		F9342AC01FC1E32F0018FC78 /* MistyTestTests.swift in Sources */ = {isa = PBXBuildFile; fileRef = F9342ABF1FC1E32F0018FC78 /* MistyTestTests.swift */; };
		F9342ACB1FC1E32F0018FC78 /* MistyTestUITests.swift in Sources */ = {isa = PBXBuildFile; fileRef = F9342ACA1FC1E32F0018FC78 /* MistyTestUITests.swift */; };
/* End PBXBuildFile section */

/* Begin PBXContainerItemProxy section */
		F9342ABC1FC1E32F0018FC78 /* PBXContainerItemProxy */ = {
			isa = PBXContainerItemProxy;
			containerPortal = F9342AA11FC1E32F0018FC78 /* Project object */;
			proxyType = 1;
			remoteGlobalIDString = F9342AA81FC1E32F0018FC78;
			remoteInfo = MistyTest;
		};
		F9342AC71FC1E32F0018FC78 /* PBXContainerItemProxy */ = {
			isa = PBXContainerItemProxy;
			containerPortal = F9342AA11FC1E32F0018FC78 /* Project object */;
			proxyType = 1;
			remoteGlobalIDString = F9342AA81FC1E32F0018FC78;
			remoteInfo = MistyTest;
		};
/* End PBXContainerItemProxy section */

/* Begin PBXFileReference section */
		0029D8841FC9A726000BA942 /* SwiftSerial-Bridging-Header.h */ = {isa = PBXFileReference; lastKnownFileType = sourcecode.c.h; path = "SwiftSerial-Bridging-Header.h"; sourceTree = "<group>"; };
		0F026FF721C16E8C006D4AA5 /* 2_16_18_Recke.wav */ = {isa = PBXFileReference; lastKnownFileType = audio.wav; path = 2_16_18_Recke.wav; sourceTree = "<group>"; };
		0F026FF821C16E8C006D4AA5 /* 2_15_17_Karsch.wav */ = {isa = PBXFileReference; lastKnownFileType = audio.wav; path = 2_15_17_Karsch.wav; sourceTree = "<group>"; };
		0F026FF921C16E8C006D4AA5 /* 2_16_16_Recke.wav */ = {isa = PBXFileReference; lastKnownFileType = audio.wav; path = 2_16_16_Recke.wav; sourceTree = "<group>"; };
		0F026FFA21C16E8C006D4AA5 /* 2_16_10_Recke.wav */ = {isa = PBXFileReference; lastKnownFileType = audio.wav; path = 2_16_10_Recke.wav; sourceTree = "<group>"; };
		0F026FFB21C16E8C006D4AA5 /* 2_20_14_LaRoche.wav */ = {isa = PBXFileReference; lastKnownFileType = audio.wav; path = 2_20_14_LaRoche.wav; sourceTree = "<group>"; };
		0F026FFC21C16E8D006D4AA5 /* 2_16_15_Recke.wav */ = {isa = PBXFileReference; lastKnownFileType = audio.wav; path = 2_16_15_Recke.wav; sourceTree = "<group>"; };
		0F026FFD21C16E8D006D4AA5 /* 2_16_17_Recke.wav */ = {isa = PBXFileReference; lastKnownFileType = audio.wav; path = 2_16_17_Recke.wav; sourceTree = "<group>"; };
		0F026FFE21C16E8D006D4AA5 /* 2_20_13_LaRoche.wav */ = {isa = PBXFileReference; lastKnownFileType = audio.wav; path = 2_20_13_LaRoche.wav; sourceTree = "<group>"; };
		0F026FFF21C16E8D006D4AA5 /* 2_16_13_Recke.wav */ = {isa = PBXFileReference; lastKnownFileType = audio.wav; path = 2_16_13_Recke.wav; sourceTree = "<group>"; };
		0F02700021C16E8D006D4AA5 /* 2_20_15_LaRoche.wav */ = {isa = PBXFileReference; lastKnownFileType = audio.wav; path = 2_20_15_LaRoche.wav; sourceTree = "<group>"; };
		0F02700121C16E8D006D4AA5 /* 2_15_16_Karsch.wav */ = {isa = PBXFileReference; lastKnownFileType = audio.wav; path = 2_15_16_Karsch.wav; sourceTree = "<group>"; };
		0F02700221C16E8D006D4AA5 /* 2_20_10_LaRoche.wav */ = {isa = PBXFileReference; lastKnownFileType = audio.wav; path = 2_20_10_LaRoche.wav; sourceTree = "<group>"; };
		0F02700321C16E8D006D4AA5 /* 2_20_17_LaRoche.wav */ = {isa = PBXFileReference; lastKnownFileType = audio.wav; path = 2_20_17_LaRoche.wav; sourceTree = "<group>"; };
		0F02700421C16E8D006D4AA5 /* 2_15_14_Karsch.wav */ = {isa = PBXFileReference; lastKnownFileType = audio.wav; path = 2_15_14_Karsch.wav; sourceTree = "<group>"; };
		0F02700521C16E8D006D4AA5 /* 2_16_14_Recke.wav */ = {isa = PBXFileReference; lastKnownFileType = audio.wav; path = 2_16_14_Recke.wav; sourceTree = "<group>"; };
		0F02700621C16E8D006D4AA5 /* 2_20_12_LaRoche.wav */ = {isa = PBXFileReference; lastKnownFileType = audio.wav; path = 2_20_12_LaRoche.wav; sourceTree = "<group>"; };
		0F02700721C16E8D006D4AA5 /* 2_20_19_LaRoche.wav */ = {isa = PBXFileReference; lastKnownFileType = audio.wav; path = 2_20_19_LaRoche.wav; sourceTree = "<group>"; };
		0F02700821C16E8D006D4AA5 /* 2_16_11_Recke.wav */ = {isa = PBXFileReference; lastKnownFileType = audio.wav; path = 2_16_11_Recke.wav; sourceTree = "<group>"; };
		0F02700921C16E8E006D4AA5 /* 2_15_10_Karsch.wav */ = {isa = PBXFileReference; lastKnownFileType = audio.wav; path = 2_15_10_Karsch.wav; sourceTree = "<group>"; };
		0F02700A21C16E8E006D4AA5 /* 2_15_15_Karsch.wav */ = {isa = PBXFileReference; lastKnownFileType = audio.wav; path = 2_15_15_Karsch.wav; sourceTree = "<group>"; };
		0F02700B21C16E8E006D4AA5 /* 2_15_19_Karsch.wav */ = {isa = PBXFileReference; lastKnownFileType = audio.wav; path = 2_15_19_Karsch.wav; sourceTree = "<group>"; };
		0F02700C21C16E8E006D4AA5 /* 2_16_19_Recke.wav */ = {isa = PBXFileReference; lastKnownFileType = audio.wav; path = 2_16_19_Recke.wav; sourceTree = "<group>"; };
		0F02700D21C16E8E006D4AA5 /* 2_15_12_Karsch.wav */ = {isa = PBXFileReference; lastKnownFileType = audio.wav; path = 2_15_12_Karsch.wav; sourceTree = "<group>"; };
		0F02700E21C16E8E006D4AA5 /* 2_20_18_LaRoche.wav */ = {isa = PBXFileReference; lastKnownFileType = audio.wav; path = 2_20_18_LaRoche.wav; sourceTree = "<group>"; };
		0F02700F21C16E8E006D4AA5 /* 2_15_11_Karsch.wav */ = {isa = PBXFileReference; lastKnownFileType = audio.wav; path = 2_15_11_Karsch.wav; sourceTree = "<group>"; };
		0F02701021C16E8E006D4AA5 /* 2_16_12_Recke.wav */ = {isa = PBXFileReference; lastKnownFileType = audio.wav; path = 2_16_12_Recke.wav; sourceTree = "<group>"; };
		0F02701121C16E8E006D4AA5 /* 2_15_13_Karsch.wav */ = {isa = PBXFileReference; lastKnownFileType = audio.wav; path = 2_15_13_Karsch.wav; sourceTree = "<group>"; };
		0F02701221C16E8F006D4AA5 /* 2_20_11_LaRoche.wav */ = {isa = PBXFileReference; lastKnownFileType = audio.wav; path = 2_20_11_LaRoche.wav; sourceTree = "<group>"; };
		0F02701321C16E8F006D4AA5 /* 2_20_16_LaRoche.wav */ = {isa = PBXFileReference; lastKnownFileType = audio.wav; path = 2_20_16_LaRoche.wav; sourceTree = "<group>"; };
		0F02701421C16E8F006D4AA5 /* 2_15_18_Karsch.wav */ = {isa = PBXFileReference; lastKnownFileType = audio.wav; path = 2_15_18_Karsch.wav; sourceTree = "<group>"; };
		0F02703321C17021006D4AA5 /* 2_16_11_Recke.wav */ = {isa = PBXFileReference; lastKnownFileType = audio.wav; path = 2_16_11_Recke.wav; sourceTree = "<group>"; };
		0F02703421C17021006D4AA5 /* 2_20_15_LaRoche.wav */ = {isa = PBXFileReference; lastKnownFileType = audio.wav; path = 2_20_15_LaRoche.wav; sourceTree = "<group>"; };
		0F02703521C17021006D4AA5 /* 1_17_14_Nicolai.wav */ = {isa = PBXFileReference; lastKnownFileType = audio.wav; path = 1_17_14_Nicolai.wav; sourceTree = "<group>"; };
		0F02703621C17022006D4AA5 /* 2_14_17_Gleim_alt.wav */ = {isa = PBXFileReference; lastKnownFileType = audio.wav; path = 2_14_17_Gleim_alt.wav; sourceTree = "<group>"; };
		0F02703721C17022006D4AA5 /* 2_26_14_Eschenburg.wav */ = {isa = PBXFileReference; lastKnownFileType = audio.wav; path = 2_26_14_Eschenburg.wav; sourceTree = "<group>"; };
		0F02703821C17022006D4AA5 /* 1_22_19_Weitsch.wav */ = {isa = PBXFileReference; lastKnownFileType = audio.wav; path = 1_22_19_Weitsch.wav; sourceTree = "<group>"; };
		0F02703921C17022006D4AA5 /* 2_15_14_Karsch.wav */ = {isa = PBXFileReference; lastKnownFileType = audio.wav; path = 2_15_14_Karsch.wav; sourceTree = "<group>"; };
		0F02703A21C17022006D4AA5 /* 2_15_18_Karsch.wav */ = {isa = PBXFileReference; lastKnownFileType = audio.wav; path = 2_15_18_Karsch.wav; sourceTree = "<group>"; };
		0F02703B21C17022006D4AA5 /* 2_16_12_Recke.wav */ = {isa = PBXFileReference; lastKnownFileType = audio.wav; path = 2_16_12_Recke.wav; sourceTree = "<group>"; };
		0F02703C21C17023006D4AA5 /* 1_13_10_Ramler.wav */ = {isa = PBXFileReference; lastKnownFileType = audio.wav; path = 1_13_10_Ramler.wav; sourceTree = "<group>"; };
		0F02703D21C17023006D4AA5 /* 2_20_12_LaRoche.wav */ = {isa = PBXFileReference; lastKnownFileType = audio.wav; path = 2_20_12_LaRoche.wav; sourceTree = "<group>"; };
		0F02703E21C17023006D4AA5 /* 2_15_11_Karsch.wav */ = {isa = PBXFileReference; lastKnownFileType = audio.wav; path = 2_15_11_Karsch.wav; sourceTree = "<group>"; };
		0F02703F21C17023006D4AA5 /* 2_20_19_LaRoche.wav */ = {isa = PBXFileReference; lastKnownFileType = audio.wav; path = 2_20_19_LaRoche.wav; sourceTree = "<group>"; };
		0F02704021C17023006D4AA5 /* 2_26_13_Eschenburg.wav */ = {isa = PBXFileReference; lastKnownFileType = audio.wav; path = 2_26_13_Eschenburg.wav; sourceTree = "<group>"; };
		0F02704121C17024006D4AA5 /* 1_17_17_Nicolai.wav */ = {isa = PBXFileReference; lastKnownFileType = audio.wav; path = 1_17_17_Nicolai.wav; sourceTree = "<group>"; };
		0F02704221C17024006D4AA5 /* 2_27_15_Klotz.wav */ = {isa = PBXFileReference; lastKnownFileType = audio.wav; path = 2_27_15_Klotz.wav; sourceTree = "<group>"; };
		0F02704321C17024006D4AA5 /* 1_22_10_Weitsch.wav */ = {isa = PBXFileReference; lastKnownFileType = audio.wav; path = 1_22_10_Weitsch.wav; sourceTree = "<group>"; };
		0F02704421C17024006D4AA5 /* 2_16_17_Recke.wav */ = {isa = PBXFileReference; lastKnownFileType = audio.wav; path = 2_16_17_Recke.wav; sourceTree = "<group>"; };
		0F02704521C17024006D4AA5 /* 2_20_13_LaRoche.wav */ = {isa = PBXFileReference; lastKnownFileType = audio.wav; path = 2_20_13_LaRoche.wav; sourceTree = "<group>"; };
		0F02704621C17025006D4AA5 /* 2_20_18_LaRoche.wav */ = {isa = PBXFileReference; lastKnownFileType = audio.wav; path = 2_20_18_LaRoche.wav; sourceTree = "<group>"; };
		0F02704721C17025006D4AA5 /* 2_15_17_Karsch.wav */ = {isa = PBXFileReference; lastKnownFileType = audio.wav; path = 2_15_17_Karsch.wav; sourceTree = "<group>"; };
		0F02704821C17025006D4AA5 /* 1_17_11_Nicolai.wav */ = {isa = PBXFileReference; lastKnownFileType = audio.wav; path = 1_17_11_Nicolai.wav; sourceTree = "<group>"; };
		0F02704921C17025006D4AA5 /* 2_16_13_Recke.wav */ = {isa = PBXFileReference; lastKnownFileType = audio.wav; path = 2_16_13_Recke.wav; sourceTree = "<group>"; };
		0F02704A21C17025006D4AA5 /* 2_27_10_Klotz.wav */ = {isa = PBXFileReference; lastKnownFileType = audio.wav; path = 2_27_10_Klotz.wav; sourceTree = "<group>"; };
		0F02704B21C17025006D4AA5 /* 2_27_14_Klotz.wav */ = {isa = PBXFileReference; lastKnownFileType = audio.wav; path = 2_27_14_Klotz.wav; sourceTree = "<group>"; };
		0F02704C21C17026006D4AA5 /* 2_26_15_Eschenburg.wav */ = {isa = PBXFileReference; lastKnownFileType = audio.wav; path = 2_26_15_Eschenburg.wav; sourceTree = "<group>"; };
		0F02704D21C17026006D4AA5 /* 2_14_16_Gleim_alt.wav */ = {isa = PBXFileReference; lastKnownFileType = audio.wav; path = 2_14_16_Gleim_alt.wav; sourceTree = "<group>"; };
		0F02704E21C17026006D4AA5 /* 2_26_10_Eschenburg.wav */ = {isa = PBXFileReference; lastKnownFileType = audio.wav; path = 2_26_10_Eschenburg.wav; sourceTree = "<group>"; };
		0F02704F21C17026006D4AA5 /* 2_26_19_Eschenburg.wav */ = {isa = PBXFileReference; lastKnownFileType = audio.wav; path = 2_26_19_Eschenburg.wav; sourceTree = "<group>"; };
		0F02705021C17026006D4AA5 /* 1_13_17_Ramler.wav */ = {isa = PBXFileReference; lastKnownFileType = audio.wav; path = 1_13_17_Ramler.wav; sourceTree = "<group>"; };
		0F02705121C17026006D4AA5 /* 1_13_11_Ramler.wav */ = {isa = PBXFileReference; lastKnownFileType = audio.wav; path = 1_13_11_Ramler.wav; sourceTree = "<group>"; };
		0F02705221C17027006D4AA5 /* 1_17_15_Nicolai.wav */ = {isa = PBXFileReference; lastKnownFileType = audio.wav; path = 1_17_15_Nicolai.wav; sourceTree = "<group>"; };
		0F02705321C17027006D4AA5 /* 2_27_11_Klotz.wav */ = {isa = PBXFileReference; lastKnownFileType = audio.wav; path = 2_27_11_Klotz.wav; sourceTree = "<group>"; };
		0F02705421C17027006D4AA5 /* 2_14_19_Gleim_alt.wav */ = {isa = PBXFileReference; lastKnownFileType = audio.wav; path = 2_14_19_Gleim_alt.wav; sourceTree = "<group>"; };
		0F02705521C17027006D4AA5 /* 1_22_17_Weitsch.wav */ = {isa = PBXFileReference; lastKnownFileType = audio.wav; path = 1_22_17_Weitsch.wav; sourceTree = "<group>"; };
		0F02705621C17027006D4AA5 /* 2_14_14_Gleim_alt.wav */ = {isa = PBXFileReference; lastKnownFileType = audio.wav; path = 2_14_14_Gleim_alt.wav; sourceTree = "<group>"; };
		0F02705721C17028006D4AA5 /* 1_13_15_Ramler.wav */ = {isa = PBXFileReference; lastKnownFileType = audio.wav; path = 1_13_15_Ramler.wav; sourceTree = "<group>"; };
		0F02705821C17028006D4AA5 /* 1_22_16_Weitsch.wav */ = {isa = PBXFileReference; lastKnownFileType = audio.wav; path = 1_22_16_Weitsch.wav; sourceTree = "<group>"; };
		0F02705921C17028006D4AA5 /* 1_13_18_Ramler.wav */ = {isa = PBXFileReference; lastKnownFileType = audio.wav; path = 1_13_18_Ramler.wav; sourceTree = "<group>"; };
		0F02705A21C17028006D4AA5 /* 1_13_14_Ramler.wav */ = {isa = PBXFileReference; lastKnownFileType = audio.wav; path = 1_13_14_Ramler.wav; sourceTree = "<group>"; };
		0F02705B21C17028006D4AA5 /* 1_22_11_Weitsch.wav */ = {isa = PBXFileReference; lastKnownFileType = audio.wav; path = 1_22_11_Weitsch.wav; sourceTree = "<group>"; };
		0F02705C21C17028006D4AA5 /* 1_22_14_Weitsch.wav */ = {isa = PBXFileReference; lastKnownFileType = audio.wav; path = 1_22_14_Weitsch.wav; sourceTree = "<group>"; };
		0F02705D21C17029006D4AA5 /* 2_15_19_Karsch.wav */ = {isa = PBXFileReference; lastKnownFileType = audio.wav; path = 2_15_19_Karsch.wav; sourceTree = "<group>"; };
		0F02705E21C17029006D4AA5 /* 2_14_15_Gleim_alt.wav */ = {isa = PBXFileReference; lastKnownFileType = audio.wav; path = 2_14_15_Gleim_alt.wav; sourceTree = "<group>"; };
		0F02705F21C17029006D4AA5 /* 2_26_16_Eschenburg.wav */ = {isa = PBXFileReference; lastKnownFileType = audio.wav; path = 2_26_16_Eschenburg.wav; sourceTree = "<group>"; };
		0F02706021C17029006D4AA5 /* 2_27_12_Klotz.wav */ = {isa = PBXFileReference; lastKnownFileType = audio.wav; path = 2_27_12_Klotz.wav; sourceTree = "<group>"; };
		0F02706121C17029006D4AA5 /* 2_14_11_Gleim_alt.wav */ = {isa = PBXFileReference; lastKnownFileType = audio.wav; path = 2_14_11_Gleim_alt.wav; sourceTree = "<group>"; };
		0F02706221C1702A006D4AA5 /* 2_15_15_Karsch.wav */ = {isa = PBXFileReference; lastKnownFileType = audio.wav; path = 2_15_15_Karsch.wav; sourceTree = "<group>"; };
		0F02706321C1702A006D4AA5 /* 2_16_18_Recke.wav */ = {isa = PBXFileReference; lastKnownFileType = audio.wav; path = 2_16_18_Recke.wav; sourceTree = "<group>"; };
		0F02706421C1702A006D4AA5 /* 2_27_17_Klotz.wav */ = {isa = PBXFileReference; lastKnownFileType = audio.wav; path = 2_27_17_Klotz.wav; sourceTree = "<group>"; };
		0F02706521C1702A006D4AA5 /* 1_22_13_Weitsch.wav */ = {isa = PBXFileReference; lastKnownFileType = audio.wav; path = 1_22_13_Weitsch.wav; sourceTree = "<group>"; };
		0F02706621C1702A006D4AA5 /* 2_27_18_Klotz.wav */ = {isa = PBXFileReference; lastKnownFileType = audio.wav; path = 2_27_18_Klotz.wav; sourceTree = "<group>"; };
		0F02706721C1702B006D4AA5 /* 2_14_13_Gleim_alt.wav */ = {isa = PBXFileReference; lastKnownFileType = audio.wav; path = 2_14_13_Gleim_alt.wav; sourceTree = "<group>"; };
		0F02706821C1702C006D4AA5 /* 2_20_11_LaRoche.wav */ = {isa = PBXFileReference; lastKnownFileType = audio.wav; path = 2_20_11_LaRoche.wav; sourceTree = "<group>"; };
		0F02706921C1702D006D4AA5 /* 2_26_11_Eschenburg.wav */ = {isa = PBXFileReference; lastKnownFileType = audio.wav; path = 2_26_11_Eschenburg.wav; sourceTree = "<group>"; };
		0F02706A21C1702D006D4AA5 /* 1_17_10_Nicolai.wav */ = {isa = PBXFileReference; lastKnownFileType = audio.wav; path = 1_17_10_Nicolai.wav; sourceTree = "<group>"; };
		0F02706B21C1702D006D4AA5 /* 1_17_19_Nicolai.wav */ = {isa = PBXFileReference; lastKnownFileType = audio.wav; path = 1_17_19_Nicolai.wav; sourceTree = "<group>"; };
		0F02706C21C1702E006D4AA5 /* 2_15_16_Karsch.wav */ = {isa = PBXFileReference; lastKnownFileType = audio.wav; path = 2_15_16_Karsch.wav; sourceTree = "<group>"; };
		0F02706D21C1702E006D4AA5 /* 2_16_15_Recke.wav */ = {isa = PBXFileReference; lastKnownFileType = audio.wav; path = 2_16_15_Recke.wav; sourceTree = "<group>"; };
		0F02706E21C1702E006D4AA5 /* 2_27_16_Klotz.wav */ = {isa = PBXFileReference; lastKnownFileType = audio.wav; path = 2_27_16_Klotz.wav; sourceTree = "<group>"; };
		0F02706F21C1702E006D4AA5 /* 1_17_12_Nicolai.wav */ = {isa = PBXFileReference; lastKnownFileType = audio.wav; path = 1_17_12_Nicolai.wav; sourceTree = "<group>"; };
		0F02707021C1702E006D4AA5 /* 1_13_16_Ramler.wav */ = {isa = PBXFileReference; lastKnownFileType = audio.wav; path = 1_13_16_Ramler.wav; sourceTree = "<group>"; };
		0F02707121C1702F006D4AA5 /* 2_16_19_Recke.wav */ = {isa = PBXFileReference; lastKnownFileType = audio.wav; path = 2_16_19_Recke.wav; sourceTree = "<group>"; };
		0F02707221C1702F006D4AA5 /* 1_17_13_Nicolai.wav */ = {isa = PBXFileReference; lastKnownFileType = audio.wav; path = 1_17_13_Nicolai.wav; sourceTree = "<group>"; };
		0F02707321C1702F006D4AA5 /* 2_16_10_Recke.wav */ = {isa = PBXFileReference; lastKnownFileType = audio.wav; path = 2_16_10_Recke.wav; sourceTree = "<group>"; };
		0F02707421C1702F006D4AA5 /* 1_22_18_Weitsch.wav */ = {isa = PBXFileReference; lastKnownFileType = audio.wav; path = 1_22_18_Weitsch.wav; sourceTree = "<group>"; };
		0F02707521C1702F006D4AA5 /* 2_14_18_Gleim_alt.wav */ = {isa = PBXFileReference; lastKnownFileType = audio.wav; path = 2_14_18_Gleim_alt.wav; sourceTree = "<group>"; };
		0F02707621C1702F006D4AA5 /* 2_15_12_Karsch.wav */ = {isa = PBXFileReference; lastKnownFileType = audio.wav; path = 2_15_12_Karsch.wav; sourceTree = "<group>"; };
		0F02707721C17030006D4AA5 /* 2_15_13_Karsch.wav */ = {isa = PBXFileReference; lastKnownFileType = audio.wav; path = 2_15_13_Karsch.wav; sourceTree = "<group>"; };
		0F02707821C17030006D4AA5 /* 2_20_10_LaRoche.wav */ = {isa = PBXFileReference; lastKnownFileType = audio.wav; path = 2_20_10_LaRoche.wav; sourceTree = "<group>"; };
		0F02707921C17030006D4AA5 /* 2_20_14_LaRoche.wav */ = {isa = PBXFileReference; lastKnownFileType = audio.wav; path = 2_20_14_LaRoche.wav; sourceTree = "<group>"; };
		0F02707A21C17030006D4AA5 /* 2_26_18_Eschenburg.wav */ = {isa = PBXFileReference; lastKnownFileType = audio.wav; path = 2_26_18_Eschenburg.wav; sourceTree = "<group>"; };
		0F02707B21C17030006D4AA5 /* 1_13_19_Ramler.wav */ = {isa = PBXFileReference; lastKnownFileType = audio.wav; path = 1_13_19_Ramler.wav; sourceTree = "<group>"; };
		0F02707C21C17030006D4AA5 /* 2_14_10_Gleim_alt.wav */ = {isa = PBXFileReference; lastKnownFileType = audio.wav; path = 2_14_10_Gleim_alt.wav; sourceTree = "<group>"; };
		0F02707D21C17031006D4AA5 /* 2_14_12_Gleim_alt.wav */ = {isa = PBXFileReference; lastKnownFileType = audio.wav; path = 2_14_12_Gleim_alt.wav; sourceTree = "<group>"; };
		0F02707E21C17031006D4AA5 /* 2_27_19_Klotz.wav */ = {isa = PBXFileReference; lastKnownFileType = audio.wav; path = 2_27_19_Klotz.wav; sourceTree = "<group>"; };
		0F02707F21C17031006D4AA5 /* 1_13_13_Ramler.wav */ = {isa = PBXFileReference; lastKnownFileType = audio.wav; path = 1_13_13_Ramler.wav; sourceTree = "<group>"; };
		0F02708021C17031006D4AA5 /* 1_13_12_Ramler.wav */ = {isa = PBXFileReference; lastKnownFileType = audio.wav; path = 1_13_12_Ramler.wav; sourceTree = "<group>"; };
		0F02708121C17031006D4AA5 /* 1_17_16_Nicolai.wav */ = {isa = PBXFileReference; lastKnownFileType = audio.wav; path = 1_17_16_Nicolai.wav; sourceTree = "<group>"; };
		0F02708221C17032006D4AA5 /* 2_26_12_Eschenburg.wav */ = {isa = PBXFileReference; lastKnownFileType = audio.wav; path = 2_26_12_Eschenburg.wav; sourceTree = "<group>"; };
		0F02708321C17032006D4AA5 /* 2_20_16_LaRoche.wav */ = {isa = PBXFileReference; lastKnownFileType = audio.wav; path = 2_20_16_LaRoche.wav; sourceTree = "<group>"; };
		0F02708421C17032006D4AA5 /* 2_15_10_Karsch.wav */ = {isa = PBXFileReference; lastKnownFileType = audio.wav; path = 2_15_10_Karsch.wav; sourceTree = "<group>"; };
		0F02708521C17032006D4AA5 /* 2_27_13_Klotz.wav */ = {isa = PBXFileReference; lastKnownFileType = audio.wav; path = 2_27_13_Klotz.wav; sourceTree = "<group>"; };
		0F02708621C17032006D4AA5 /* 2_16_16_Recke.wav */ = {isa = PBXFileReference; lastKnownFileType = audio.wav; path = 2_16_16_Recke.wav; sourceTree = "<group>"; };
		0F02708721C17032006D4AA5 /* 2_26_17_Eschenburg.wav */ = {isa = PBXFileReference; lastKnownFileType = audio.wav; path = 2_26_17_Eschenburg.wav; sourceTree = "<group>"; };
		0F02708821C17033006D4AA5 /* 1_22_12_Weitsch.wav */ = {isa = PBXFileReference; lastKnownFileType = audio.wav; path = 1_22_12_Weitsch.wav; sourceTree = "<group>"; };
		0F02708921C17033006D4AA5 /* 2_20_17_LaRoche.wav */ = {isa = PBXFileReference; lastKnownFileType = audio.wav; path = 2_20_17_LaRoche.wav; sourceTree = "<group>"; };
		0F02708A21C17033006D4AA5 /* 2_16_14_Recke.wav */ = {isa = PBXFileReference; lastKnownFileType = audio.wav; path = 2_16_14_Recke.wav; sourceTree = "<group>"; };
		0F02708B21C17034006D4AA5 /* 1_22_15_Weitsch.wav */ = {isa = PBXFileReference; lastKnownFileType = audio.wav; path = 1_22_15_Weitsch.wav; sourceTree = "<group>"; };
		0F02708C21C17034006D4AA5 /* 1_17_18_Nicolai.wav */ = {isa = PBXFileReference; lastKnownFileType = audio.wav; path = 1_17_18_Nicolai.wav; sourceTree = "<group>"; };
		0F225E04218066A400EAE6FB /* pling.wav */ = {isa = PBXFileReference; lastKnownFileType = audio.wav; path = pling.wav; sourceTree = "<group>"; };
		0F4C502F21889628002C52FA /* Test_Box3.aif */ = {isa = PBXFileReference; lastKnownFileType = file; path = Test_Box3.aif; sourceTree = "<group>"; };
		0F4C503321889633002C52FA /* Test_Box4.aif */ = {isa = PBXFileReference; lastKnownFileType = file; path = Test_Box4.aif; sourceTree = "<group>"; };
		0F57505F21B7C407008B9850 /* Fantastic Beasts - abspann.mp3 */ = {isa = PBXFileReference; lastKnownFileType = audio.mp3; path = "Fantastic Beasts - abspann.mp3"; sourceTree = "<group>"; };
		0F57506121B7C562008B9850 /* WindowController.swift */ = {isa = PBXFileReference; lastKnownFileType = sourcecode.swift; path = WindowController.swift; sourceTree = "<group>"; };
		0FAEDCA22179FFD400007443 /* Test_Box2.aif */ = {isa = PBXFileReference; lastKnownFileType = file; path = Test_Box2.aif; sourceTree = "<group>"; };
		0FAEDCA4217A00CA00007443 /* Test_Box1.aif */ = {isa = PBXFileReference; lastKnownFileType = file; path = Test_Box1.aif; sourceTree = "<group>"; };
		0FCD959F21809E4200051951 /* SystemFertigGeladen.wav */ = {isa = PBXFileReference; lastKnownFileType = audio.wav; path = SystemFertigGeladen.wav; sourceTree = "<group>"; };
		25C55FCA9A662A545E6E7D00 /* Pods-MistyTestTests.release.xcconfig */ = {isa = PBXFileReference; includeInIndex = 1; lastKnownFileType = text.xcconfig; name = "Pods-MistyTestTests.release.xcconfig"; path = "Pods/Target Support Files/Pods-MistyTestTests/Pods-MistyTestTests.release.xcconfig"; sourceTree = "<group>"; };
		265131D1F4A86AF956F315C7 /* Pods_MistyTest.framework */ = {isa = PBXFileReference; explicitFileType = wrapper.framework; includeInIndex = 0; path = Pods_MistyTest.framework; sourceTree = BUILT_PRODUCTS_DIR; };
		2C9E7484F2DC6527AC5F39EA /* Pods-MistyTest.release.xcconfig */ = {isa = PBXFileReference; includeInIndex = 1; lastKnownFileType = text.xcconfig; name = "Pods-MistyTest.release.xcconfig"; path = "Pods/Target Support Files/Pods-MistyTest/Pods-MistyTest.release.xcconfig"; sourceTree = "<group>"; };
		595C79FB4A23BFFC9D9A098F /* Pods-MistyTestUITests.release.xcconfig */ = {isa = PBXFileReference; includeInIndex = 1; lastKnownFileType = text.xcconfig; name = "Pods-MistyTestUITests.release.xcconfig"; path = "Pods/Target Support Files/Pods-MistyTestUITests/Pods-MistyTestUITests.release.xcconfig"; sourceTree = "<group>"; };
		64437962A7FB49EEA6DFA60A /* Pods_MistyTestUITests.framework */ = {isa = PBXFileReference; explicitFileType = wrapper.framework; includeInIndex = 0; path = Pods_MistyTestUITests.framework; sourceTree = BUILT_PRODUCTS_DIR; };
		78D562FAB3BA04F526777F5E /* Pods-MistyTest.debug.xcconfig */ = {isa = PBXFileReference; includeInIndex = 1; lastKnownFileType = text.xcconfig; name = "Pods-MistyTest.debug.xcconfig"; path = "Pods/Target Support Files/Pods-MistyTest/Pods-MistyTest.debug.xcconfig"; sourceTree = "<group>"; };
		8F9CBE9D9D17C39CFED34C78 /* Pods-MistyTestUITests.debug.xcconfig */ = {isa = PBXFileReference; includeInIndex = 1; lastKnownFileType = text.xcconfig; name = "Pods-MistyTestUITests.debug.xcconfig"; path = "Pods/Target Support Files/Pods-MistyTestUITests/Pods-MistyTestUITests.debug.xcconfig"; sourceTree = "<group>"; };
		B909C68620CD8B0000C96EEA /* file.txt */ = {isa = PBXFileReference; fileEncoding = 4; lastKnownFileType = text; name = file.txt; path = ../../../../../../Applications/MAMP/htdocs/Gleimhaus/personen/file.txt; sourceTree = "<group>"; };
		B9146FAF20889BB4000FCF4F /* FileStalker.swift */ = {isa = PBXFileReference; lastKnownFileType = sourcecode.swift; path = FileStalker.swift; sourceTree = "<group>"; };
		B91E9C1720B6EE4C0004A0C2 /* GleimMenuStructure.xml */ = {isa = PBXFileReference; fileEncoding = 4; lastKnownFileType = text.xml; name = GleimMenuStructure.xml; path = JavaBackend/GleimMenuStructure.xml; sourceTree = SOURCE_ROOT; };
		B91FE78F209C62BB00638CAB /* XmlMenuReader.swift */ = {isa = PBXFileReference; lastKnownFileType = sourcecode.swift; path = XmlMenuReader.swift; sourceTree = "<group>"; };
		B9535C8B207A401400E34868 /* GleimMenu.swift */ = {isa = PBXFileReference; lastKnownFileType = sourcecode.swift; path = GleimMenu.swift; sourceTree = "<group>"; };
		B9535C8D207A43DF00E34868 /* MenuCreator.swift */ = {isa = PBXFileReference; lastKnownFileType = sourcecode.swift; path = MenuCreator.swift; sourceTree = "<group>"; };
		B9C2004820CFF281002D640B /* gleim_portrait.wav */ = {isa = PBXFileReference; lastKnownFileType = audio.wav; path = gleim_portrait.wav; sourceTree = "<group>"; };
		B9C2004A20CFF28D002D640B /* lavater_gleim.wav */ = {isa = PBXFileReference; lastKnownFileType = audio.wav; path = lavater_gleim.wav; sourceTree = "<group>"; };
		B9C2004C20CFF298002D640B /* wieland_gleim.wav */ = {isa = PBXFileReference; lastKnownFileType = audio.wav; path = wieland_gleim.wav; sourceTree = "<group>"; };
		C531BC932F86807209861792 /* Pods-MistyTestTests.debug.xcconfig */ = {isa = PBXFileReference; includeInIndex = 1; lastKnownFileType = text.xcconfig; name = "Pods-MistyTestTests.debug.xcconfig"; path = "Pods/Target Support Files/Pods-MistyTestTests/Pods-MistyTestTests.debug.xcconfig"; sourceTree = "<group>"; };
		F221B5DFA4C3D2E37ABA62D4 /* Pods_MistyTestTests.framework */ = {isa = PBXFileReference; explicitFileType = wrapper.framework; includeInIndex = 0; path = Pods_MistyTestTests.framework; sourceTree = BUILT_PRODUCTS_DIR; };
		F9342AA91FC1E32F0018FC78 /* MistyTest.app */ = {isa = PBXFileReference; explicitFileType = wrapper.application; includeInIndex = 0; path = MistyTest.app; sourceTree = BUILT_PRODUCTS_DIR; };
		F9342AAC1FC1E32F0018FC78 /* AppDelegate.swift */ = {isa = PBXFileReference; lastKnownFileType = sourcecode.swift; path = AppDelegate.swift; sourceTree = "<group>"; };
		F9342AAE1FC1E32F0018FC78 /* ViewController.swift */ = {isa = PBXFileReference; lastKnownFileType = sourcecode.swift; path = ViewController.swift; sourceTree = "<group>"; };
		F9342AB01FC1E32F0018FC78 /* Assets.xcassets */ = {isa = PBXFileReference; lastKnownFileType = folder.assetcatalog; path = Assets.xcassets; sourceTree = "<group>"; };
		F9342AB31FC1E32F0018FC78 /* Base */ = {isa = PBXFileReference; lastKnownFileType = file.storyboard; name = Base; path = Base.lproj/Main.storyboard; sourceTree = "<group>"; };
		F9342AB51FC1E32F0018FC78 /* Info.plist */ = {isa = PBXFileReference; lastKnownFileType = text.plist.xml; path = Info.plist; sourceTree = "<group>"; };
		F9342AB61FC1E32F0018FC78 /* MistyTest.entitlements */ = {isa = PBXFileReference; lastKnownFileType = text.plist.entitlements; path = MistyTest.entitlements; sourceTree = "<group>"; };
		F9342ABB1FC1E32F0018FC78 /* MistyTestTests.xctest */ = {isa = PBXFileReference; explicitFileType = wrapper.cfbundle; includeInIndex = 0; path = MistyTestTests.xctest; sourceTree = BUILT_PRODUCTS_DIR; };
		F9342ABF1FC1E32F0018FC78 /* MistyTestTests.swift */ = {isa = PBXFileReference; lastKnownFileType = sourcecode.swift; path = MistyTestTests.swift; sourceTree = "<group>"; };
		F9342AC11FC1E32F0018FC78 /* Info.plist */ = {isa = PBXFileReference; lastKnownFileType = text.plist.xml; path = Info.plist; sourceTree = "<group>"; };
		F9342AC61FC1E32F0018FC78 /* MistyTestUITests.xctest */ = {isa = PBXFileReference; explicitFileType = wrapper.cfbundle; includeInIndex = 0; path = MistyTestUITests.xctest; sourceTree = BUILT_PRODUCTS_DIR; };
		F9342ACA1FC1E32F0018FC78 /* MistyTestUITests.swift */ = {isa = PBXFileReference; lastKnownFileType = sourcecode.swift; path = MistyTestUITests.swift; sourceTree = "<group>"; };
		F9342ACC1FC1E32F0018FC78 /* Info.plist */ = {isa = PBXFileReference; lastKnownFileType = text.plist.xml; path = Info.plist; sourceTree = "<group>"; };
/* End PBXFileReference section */

/* Begin PBXFrameworksBuildPhase section */
		F9342AA61FC1E32F0018FC78 /* Frameworks */ = {
			isa = PBXFrameworksBuildPhase;
			buildActionMask = 2147483647;
			files = (
				1EAF6CA0DD7FF0E11D3AD150 /* Pods_MistyTest.framework in Frameworks */,
			);
			runOnlyForDeploymentPostprocessing = 0;
		};
		F9342AB81FC1E32F0018FC78 /* Frameworks */ = {
			isa = PBXFrameworksBuildPhase;
			buildActionMask = 2147483647;
			files = (
				28B7FEE8A78A27E3DF6541F9 /* Pods_MistyTestTests.framework in Frameworks */,
			);
			runOnlyForDeploymentPostprocessing = 0;
		};
		F9342AC31FC1E32F0018FC78 /* Frameworks */ = {
			isa = PBXFrameworksBuildPhase;
			buildActionMask = 2147483647;
			files = (
				61433D4A0891852185E5237C /* Pods_MistyTestUITests.framework in Frameworks */,
			);
			runOnlyForDeploymentPostprocessing = 0;
		};
/* End PBXFrameworksBuildPhase section */

/* Begin PBXGroup section */
		A4338EB940CF3C1E4DE14AEE /* Pods */ = {
			isa = PBXGroup;
			children = (
				78D562FAB3BA04F526777F5E /* Pods-MistyTest.debug.xcconfig */,
				2C9E7484F2DC6527AC5F39EA /* Pods-MistyTest.release.xcconfig */,
				C531BC932F86807209861792 /* Pods-MistyTestTests.debug.xcconfig */,
				25C55FCA9A662A545E6E7D00 /* Pods-MistyTestTests.release.xcconfig */,
				8F9CBE9D9D17C39CFED34C78 /* Pods-MistyTestUITests.debug.xcconfig */,
				595C79FB4A23BFFC9D9A098F /* Pods-MistyTestUITests.release.xcconfig */,
			);
			name = Pods;
			sourceTree = "<group>";
		};
		B98798CF2089D8520045CC42 /* soundfiles */ = {
			isa = PBXGroup;
			children = (
				0F02700921C16E8E006D4AA5 /* 2_15_10_Karsch.wav */,
				0F02707521C1702F006D4AA5 /* 2_14_18_Gleim_alt.wav */,
				0F02705421C17027006D4AA5 /* 2_14_19_Gleim_alt.wav */,
				0F02708421C17032006D4AA5 /* 2_15_10_Karsch.wav */,
				0F02700F21C16E8E006D4AA5 /* 2_15_11_Karsch.wav */,
				0F02700D21C16E8E006D4AA5 /* 2_15_12_Karsch.wav */,
				0F02701121C16E8E006D4AA5 /* 2_15_13_Karsch.wav */,
				0F02703E21C17023006D4AA5 /* 2_15_11_Karsch.wav */,
				0F02707621C1702F006D4AA5 /* 2_15_12_Karsch.wav */,
				0F02707721C17030006D4AA5 /* 2_15_13_Karsch.wav */,
				0F02700421C16E8D006D4AA5 /* 2_15_14_Karsch.wav */,
				0F02700A21C16E8E006D4AA5 /* 2_15_15_Karsch.wav */,
				0F02700121C16E8D006D4AA5 /* 2_15_16_Karsch.wav */,
				0F02706221C1702A006D4AA5 /* 2_15_15_Karsch.wav */,
				0F02706C21C1702E006D4AA5 /* 2_15_16_Karsch.wav */,
				0F026FF821C16E8C006D4AA5 /* 2_15_17_Karsch.wav */,
				0F02704721C17025006D4AA5 /* 2_15_17_Karsch.wav */,
				0F02701421C16E8F006D4AA5 /* 2_15_18_Karsch.wav */,
				0F02700B21C16E8E006D4AA5 /* 2_15_19_Karsch.wav */,
				0F026FFA21C16E8C006D4AA5 /* 2_16_10_Recke.wav */,
				0F02703C21C17023006D4AA5 /* 1_13_10_Ramler.wav */,
				0F02705121C17026006D4AA5 /* 1_13_11_Ramler.wav */,
				0F02708021C17031006D4AA5 /* 1_13_12_Ramler.wav */,
				0F02707F21C17031006D4AA5 /* 1_13_13_Ramler.wav */,
				0F02705A21C17028006D4AA5 /* 1_13_14_Ramler.wav */,
				0F02705721C17028006D4AA5 /* 1_13_15_Ramler.wav */,
				0F02707021C1702E006D4AA5 /* 1_13_16_Ramler.wav */,
				0F02705021C17026006D4AA5 /* 1_13_17_Ramler.wav */,
				0F02705921C17028006D4AA5 /* 1_13_18_Ramler.wav */,
				0F02707B21C17030006D4AA5 /* 1_13_19_Ramler.wav */,
				0F02706A21C1702D006D4AA5 /* 1_17_10_Nicolai.wav */,
				0F02704821C17025006D4AA5 /* 1_17_11_Nicolai.wav */,
				0F02706F21C1702E006D4AA5 /* 1_17_12_Nicolai.wav */,
				0F02707221C1702F006D4AA5 /* 1_17_13_Nicolai.wav */,
				0F02703521C17021006D4AA5 /* 1_17_14_Nicolai.wav */,
				0F02705221C17027006D4AA5 /* 1_17_15_Nicolai.wav */,
				0F02708121C17031006D4AA5 /* 1_17_16_Nicolai.wav */,
				0F02704121C17024006D4AA5 /* 1_17_17_Nicolai.wav */,
				0F02708C21C17034006D4AA5 /* 1_17_18_Nicolai.wav */,
				0F02706B21C1702D006D4AA5 /* 1_17_19_Nicolai.wav */,
				0F02704321C17024006D4AA5 /* 1_22_10_Weitsch.wav */,
				0F02705B21C17028006D4AA5 /* 1_22_11_Weitsch.wav */,
				0F02708821C17033006D4AA5 /* 1_22_12_Weitsch.wav */,
				0F02706521C1702A006D4AA5 /* 1_22_13_Weitsch.wav */,
				0F02705C21C17028006D4AA5 /* 1_22_14_Weitsch.wav */,
				0F02708B21C17034006D4AA5 /* 1_22_15_Weitsch.wav */,
				0F02705821C17028006D4AA5 /* 1_22_16_Weitsch.wav */,
				0F02705521C17027006D4AA5 /* 1_22_17_Weitsch.wav */,
				0F02707421C1702F006D4AA5 /* 1_22_18_Weitsch.wav */,
				0F02703821C17022006D4AA5 /* 1_22_19_Weitsch.wav */,
				0F02707C21C17030006D4AA5 /* 2_14_10_Gleim_alt.wav */,
				0F02706121C17029006D4AA5 /* 2_14_11_Gleim_alt.wav */,
				0F02707D21C17031006D4AA5 /* 2_14_12_Gleim_alt.wav */,
				0F02706721C1702B006D4AA5 /* 2_14_13_Gleim_alt.wav */,
				0F02705621C17027006D4AA5 /* 2_14_14_Gleim_alt.wav */,
				0F02705E21C17029006D4AA5 /* 2_14_15_Gleim_alt.wav */,
				0F02704D21C17026006D4AA5 /* 2_14_16_Gleim_alt.wav */,
				0F02703621C17022006D4AA5 /* 2_14_17_Gleim_alt.wav */,
				0F02703921C17022006D4AA5 /* 2_15_14_Karsch.wav */,
				0F02703A21C17022006D4AA5 /* 2_15_18_Karsch.wav */,
				0F02705D21C17029006D4AA5 /* 2_15_19_Karsch.wav */,
				0F02707321C1702F006D4AA5 /* 2_16_10_Recke.wav */,
				0F02700821C16E8D006D4AA5 /* 2_16_11_Recke.wav */,
				0F02701021C16E8E006D4AA5 /* 2_16_12_Recke.wav */,
				0F026FFF21C16E8D006D4AA5 /* 2_16_13_Recke.wav */,
				0F02700521C16E8D006D4AA5 /* 2_16_14_Recke.wav */,
				0F02708A21C17033006D4AA5 /* 2_16_14_Recke.wav */,
				0F026FFC21C16E8D006D4AA5 /* 2_16_15_Recke.wav */,
				0F026FF921C16E8C006D4AA5 /* 2_16_16_Recke.wav */,
				0F02704921C17025006D4AA5 /* 2_16_13_Recke.wav */,
				0F02706D21C1702E006D4AA5 /* 2_16_15_Recke.wav */,
				0F02708621C17032006D4AA5 /* 2_16_16_Recke.wav */,
				0F026FFD21C16E8D006D4AA5 /* 2_16_17_Recke.wav */,
				0F026FF721C16E8C006D4AA5 /* 2_16_18_Recke.wav */,
				0F02700C21C16E8E006D4AA5 /* 2_16_19_Recke.wav */,
				0F02700221C16E8D006D4AA5 /* 2_20_10_LaRoche.wav */,
				0F02707121C1702F006D4AA5 /* 2_16_19_Recke.wav */,
				0F02707821C17030006D4AA5 /* 2_20_10_LaRoche.wav */,
				0F02701221C16E8F006D4AA5 /* 2_20_11_LaRoche.wav */,
				0F02704421C17024006D4AA5 /* 2_16_17_Recke.wav */,
				0F02706321C1702A006D4AA5 /* 2_16_18_Recke.wav */,
				0F02706821C1702C006D4AA5 /* 2_20_11_LaRoche.wav */,
				0F02700621C16E8D006D4AA5 /* 2_20_12_LaRoche.wav */,
				0F026FFE21C16E8D006D4AA5 /* 2_20_13_LaRoche.wav */,
				0F026FFB21C16E8C006D4AA5 /* 2_20_14_LaRoche.wav */,
				0F02703B21C17022006D4AA5 /* 2_16_12_Recke.wav */,
				0F02703D21C17023006D4AA5 /* 2_20_12_LaRoche.wav */,
				0F02704521C17024006D4AA5 /* 2_20_13_LaRoche.wav */,
				0F02707921C17030006D4AA5 /* 2_20_14_LaRoche.wav */,
				0F02700021C16E8D006D4AA5 /* 2_20_15_LaRoche.wav */,
				0F02701321C16E8F006D4AA5 /* 2_20_16_LaRoche.wav */,
				0F02700321C16E8D006D4AA5 /* 2_20_17_LaRoche.wav */,
				0F02708321C17032006D4AA5 /* 2_20_16_LaRoche.wav */,
				0F02708921C17033006D4AA5 /* 2_20_17_LaRoche.wav */,
				0F02700E21C16E8E006D4AA5 /* 2_20_18_LaRoche.wav */,
				0F02704621C17025006D4AA5 /* 2_20_18_LaRoche.wav */,
				0F02700721C16E8D006D4AA5 /* 2_20_19_LaRoche.wav */,
				0F02703321C17021006D4AA5 /* 2_16_11_Recke.wav */,
				0F02703421C17021006D4AA5 /* 2_20_15_LaRoche.wav */,
				0F02703F21C17023006D4AA5 /* 2_20_19_LaRoche.wav */,
				0F02704E21C17026006D4AA5 /* 2_26_10_Eschenburg.wav */,
				0F02706921C1702D006D4AA5 /* 2_26_11_Eschenburg.wav */,
				0F02708221C17032006D4AA5 /* 2_26_12_Eschenburg.wav */,
				0F02704021C17023006D4AA5 /* 2_26_13_Eschenburg.wav */,
				0F02703721C17022006D4AA5 /* 2_26_14_Eschenburg.wav */,
				0F02704C21C17026006D4AA5 /* 2_26_15_Eschenburg.wav */,
				0F02705F21C17029006D4AA5 /* 2_26_16_Eschenburg.wav */,
				0F02708721C17032006D4AA5 /* 2_26_17_Eschenburg.wav */,
				0F02707A21C17030006D4AA5 /* 2_26_18_Eschenburg.wav */,
				0F02704F21C17026006D4AA5 /* 2_26_19_Eschenburg.wav */,
				0F02704A21C17025006D4AA5 /* 2_27_10_Klotz.wav */,
				0F02705321C17027006D4AA5 /* 2_27_11_Klotz.wav */,
				0F02706021C17029006D4AA5 /* 2_27_12_Klotz.wav */,
				0F02708521C17032006D4AA5 /* 2_27_13_Klotz.wav */,
				0F02704B21C17025006D4AA5 /* 2_27_14_Klotz.wav */,
				0F02704221C17024006D4AA5 /* 2_27_15_Klotz.wav */,
				0F02706E21C1702E006D4AA5 /* 2_27_16_Klotz.wav */,
				0F02706421C1702A006D4AA5 /* 2_27_17_Klotz.wav */,
				0F02706621C1702A006D4AA5 /* 2_27_18_Klotz.wav */,
				0F02707E21C17031006D4AA5 /* 2_27_19_Klotz.wav */,
				0FAEDCA4217A00CA00007443 /* Test_Box1.aif */,
				0FAEDCA22179FFD400007443 /* Test_Box2.aif */,
				0F4C502F21889628002C52FA /* Test_Box3.aif */,
				0F4C503321889633002C52FA /* Test_Box4.aif */,
				0F225E04218066A400EAE6FB /* pling.wav */,
				0FCD959F21809E4200051951 /* SystemFertigGeladen.wav */,
				0F57505F21B7C407008B9850 /* Fantastic Beasts - abspann.mp3 */,
				B9C2004C20CFF298002D640B /* wieland_gleim.wav */,
				B9C2004A20CFF28D002D640B /* lavater_gleim.wav */,
				B9C2004820CFF281002D640B /* gleim_portrait.wav */,
			);
			path = soundfiles;
			sourceTree = "<group>";
		};
		D70A1040BEDDAA6BB7DED890 /* Frameworks */ = {
			isa = PBXGroup;
			children = (
				265131D1F4A86AF956F315C7 /* Pods_MistyTest.framework */,
				F221B5DFA4C3D2E37ABA62D4 /* Pods_MistyTestTests.framework */,
				64437962A7FB49EEA6DFA60A /* Pods_MistyTestUITests.framework */,
			);
			name = Frameworks;
			sourceTree = "<group>";
		};
		F9342AA01FC1E32F0018FC78 = {
			isa = PBXGroup;
			children = (
				F9342AAB1FC1E32F0018FC78 /* MistyTest */,
				F9342ABE1FC1E32F0018FC78 /* MistyTestTests */,
				F9342AC91FC1E32F0018FC78 /* MistyTestUITests */,
				F9342AAA1FC1E32F0018FC78 /* Products */,
				A4338EB940CF3C1E4DE14AEE /* Pods */,
				D70A1040BEDDAA6BB7DED890 /* Frameworks */,
			);
			sourceTree = "<group>";
		};
		F9342AAA1FC1E32F0018FC78 /* Products */ = {
			isa = PBXGroup;
			children = (
				F9342AA91FC1E32F0018FC78 /* MistyTest.app */,
				F9342ABB1FC1E32F0018FC78 /* MistyTestTests.xctest */,
				F9342AC61FC1E32F0018FC78 /* MistyTestUITests.xctest */,
			);
			name = Products;
			sourceTree = "<group>";
		};
		F9342AAB1FC1E32F0018FC78 /* MistyTest */ = {
			isa = PBXGroup;
			children = (
				B98798CF2089D8520045CC42 /* soundfiles */,
				F9342AAC1FC1E32F0018FC78 /* AppDelegate.swift */,
				F9342AAE1FC1E32F0018FC78 /* ViewController.swift */,
				0F57506121B7C562008B9850 /* WindowController.swift */,
				B9535C8D207A43DF00E34868 /* MenuCreator.swift */,
				B9535C8B207A401400E34868 /* GleimMenu.swift */,
				B9146FAF20889BB4000FCF4F /* FileStalker.swift */,
				B91FE78F209C62BB00638CAB /* XmlMenuReader.swift */,
				B91E9C1720B6EE4C0004A0C2 /* GleimMenuStructure.xml */,
				B909C68620CD8B0000C96EEA /* file.txt */,
				F9342AB01FC1E32F0018FC78 /* Assets.xcassets */,
				F9342AB21FC1E32F0018FC78 /* Main.storyboard */,
				F9342AB51FC1E32F0018FC78 /* Info.plist */,
				F9342AB61FC1E32F0018FC78 /* MistyTest.entitlements */,
				0029D8841FC9A726000BA942 /* SwiftSerial-Bridging-Header.h */,
			);
			path = MistyTest;
			sourceTree = "<group>";
		};
		F9342ABE1FC1E32F0018FC78 /* MistyTestTests */ = {
			isa = PBXGroup;
			children = (
				F9342ABF1FC1E32F0018FC78 /* MistyTestTests.swift */,
				F9342AC11FC1E32F0018FC78 /* Info.plist */,
			);
			path = MistyTestTests;
			sourceTree = "<group>";
		};
		F9342AC91FC1E32F0018FC78 /* MistyTestUITests */ = {
			isa = PBXGroup;
			children = (
				F9342ACA1FC1E32F0018FC78 /* MistyTestUITests.swift */,
				F9342ACC1FC1E32F0018FC78 /* Info.plist */,
			);
			path = MistyTestUITests;
			sourceTree = "<group>";
		};
/* End PBXGroup section */

/* Begin PBXNativeTarget section */
		F9342AA81FC1E32F0018FC78 /* MistyTest */ = {
			isa = PBXNativeTarget;
			buildConfigurationList = F9342ACF1FC1E32F0018FC78 /* Build configuration list for PBXNativeTarget "MistyTest" */;
			buildPhases = (
				4CAE841556534B2DF2CAEF2E /* [CP] Check Pods Manifest.lock */,
				F9342AA51FC1E32F0018FC78 /* Sources */,
				F9342AA61FC1E32F0018FC78 /* Frameworks */,
				F9342AA71FC1E32F0018FC78 /* Resources */,
				051717BBBE5CD4D437422987 /* [CP] Embed Pods Frameworks */,
				1D50626F4FDBB6B364D35F09 /* [CP] Copy Pods Resources */,
			);
			buildRules = (
			);
			dependencies = (
			);
			name = MistyTest;
			productName = MistyTest;
			productReference = F9342AA91FC1E32F0018FC78 /* MistyTest.app */;
			productType = "com.apple.product-type.application";
		};
		F9342ABA1FC1E32F0018FC78 /* MistyTestTests */ = {
			isa = PBXNativeTarget;
			buildConfigurationList = F9342AD21FC1E32F0018FC78 /* Build configuration list for PBXNativeTarget "MistyTestTests" */;
			buildPhases = (
				C05C73EF1448DB075FEA89D6 /* [CP] Check Pods Manifest.lock */,
				F9342AB71FC1E32F0018FC78 /* Sources */,
				F9342AB81FC1E32F0018FC78 /* Frameworks */,
				F9342AB91FC1E32F0018FC78 /* Resources */,
				7D39A151DF741B594410A48C /* [CP] Embed Pods Frameworks */,
				1A9CE6D1AF06F94FBEBA8F7C /* [CP] Copy Pods Resources */,
			);
			buildRules = (
			);
			dependencies = (
				F9342ABD1FC1E32F0018FC78 /* PBXTargetDependency */,
			);
			name = MistyTestTests;
			productName = MistyTestTests;
			productReference = F9342ABB1FC1E32F0018FC78 /* MistyTestTests.xctest */;
			productType = "com.apple.product-type.bundle.unit-test";
		};
		F9342AC51FC1E32F0018FC78 /* MistyTestUITests */ = {
			isa = PBXNativeTarget;
			buildConfigurationList = F9342AD51FC1E32F0018FC78 /* Build configuration list for PBXNativeTarget "MistyTestUITests" */;
			buildPhases = (
				9E8BC5E193C4084DC7A768CE /* [CP] Check Pods Manifest.lock */,
				F9342AC21FC1E32F0018FC78 /* Sources */,
				F9342AC31FC1E32F0018FC78 /* Frameworks */,
				F9342AC41FC1E32F0018FC78 /* Resources */,
				0C3B438CA1C7961F309D818A /* [CP] Embed Pods Frameworks */,
				87B13E5E02C10967D6D1C333 /* [CP] Copy Pods Resources */,
			);
			buildRules = (
			);
			dependencies = (
				F9342AC81FC1E32F0018FC78 /* PBXTargetDependency */,
			);
			name = MistyTestUITests;
			productName = MistyTestUITests;
			productReference = F9342AC61FC1E32F0018FC78 /* MistyTestUITests.xctest */;
			productType = "com.apple.product-type.bundle.ui-testing";
		};
/* End PBXNativeTarget section */

/* Begin PBXProject section */
		F9342AA11FC1E32F0018FC78 /* Project object */ = {
			isa = PBXProject;
			attributes = {
				LastSwiftUpdateCheck = 0910;
				LastUpgradeCheck = 0930;
				ORGANIZATIONNAME = "Mona Holtmann";
				TargetAttributes = {
					F9342AA81FC1E32F0018FC78 = {
						CreatedOnToolsVersion = 9.1;
						ProvisioningStyle = Manual;
					};
					F9342ABA1FC1E32F0018FC78 = {
						CreatedOnToolsVersion = 9.1;
						ProvisioningStyle = Automatic;
						TestTargetID = F9342AA81FC1E32F0018FC78;
					};
					F9342AC51FC1E32F0018FC78 = {
						CreatedOnToolsVersion = 9.1;
						ProvisioningStyle = Automatic;
						TestTargetID = F9342AA81FC1E32F0018FC78;
					};
				};
			};
			buildConfigurationList = F9342AA41FC1E32F0018FC78 /* Build configuration list for PBXProject "MistyTest" */;
			compatibilityVersion = "Xcode 8.0";
			developmentRegion = en;
			hasScannedForEncodings = 0;
			knownRegions = (
				en,
				Base,
			);
			mainGroup = F9342AA01FC1E32F0018FC78;
			productRefGroup = F9342AAA1FC1E32F0018FC78 /* Products */;
			projectDirPath = "";
			projectRoot = "";
			targets = (
				F9342AA81FC1E32F0018FC78 /* MistyTest */,
				F9342ABA1FC1E32F0018FC78 /* MistyTestTests */,
				F9342AC51FC1E32F0018FC78 /* MistyTestUITests */,
			);
		};
/* End PBXProject section */

/* Begin PBXResourcesBuildPhase section */
		F9342AA71FC1E32F0018FC78 /* Resources */ = {
			isa = PBXResourcesBuildPhase;
			buildActionMask = 2147483647;
			files = (
				0F02709221C17035006D4AA5 /* 1_22_19_Weitsch.wav in Resources */,
				0F0270B721C17035006D4AA5 /* 2_15_19_Karsch.wav in Resources */,
				0F0270DC21C17035006D4AA5 /* 2_26_12_Eschenburg.wav in Resources */,
				0F0270C021C17035006D4AA5 /* 2_27_18_Klotz.wav in Resources */,
				0F0270B221C17035006D4AA5 /* 1_22_16_Weitsch.wav in Resources */,
				0F0270B321C17035006D4AA5 /* 1_13_18_Ramler.wav in Resources */,
				0F0270E421C17035006D4AA5 /* 2_16_14_Recke.wav in Resources */,
				0F02702121C16E8F006D4AA5 /* 2_20_17_LaRoche.wav in Resources */,
				0F0270C521C17035006D4AA5 /* 1_17_19_Nicolai.wav in Resources */,
				0F0270A921C17035006D4AA5 /* 2_26_19_Eschenburg.wav in Resources */,
				0F0270AA21C17035006D4AA5 /* 1_13_17_Ramler.wav in Resources */,
				0F0270A221C17035006D4AA5 /* 1_17_11_Nicolai.wav in Resources */,
				B91E9C1820B6EE4C0004A0C2 /* GleimMenuStructure.xml in Resources */,
				F9342AB11FC1E32F0018FC78 /* Assets.xcassets in Resources */,
				0F4C503021889628002C52FA /* Test_Box3.aif in Resources */,
				0F0270B021C17035006D4AA5 /* 2_14_14_Gleim_alt.wav in Resources */,
				0F0270BF21C17035006D4AA5 /* 1_22_13_Weitsch.wav in Resources */,
				0F57506021B7C407008B9850 /* Fantastic Beasts - abspann.mp3 in Resources */,
				0F0270C321C17035006D4AA5 /* 2_26_11_Eschenburg.wav in Resources */,
				0F0270AE21C17035006D4AA5 /* 2_14_19_Gleim_alt.wav in Resources */,
				0F0270E221C17035006D4AA5 /* 1_22_12_Weitsch.wav in Resources */,
				B9C2004D20CFF298002D640B /* wieland_gleim.wav in Resources */,
				0F0270E021C17035006D4AA5 /* 2_16_16_Recke.wav in Resources */,
				0F0270A021C17035006D4AA5 /* 2_20_18_LaRoche.wav in Resources */,
				0F0270CD21C17035006D4AA5 /* 2_16_10_Recke.wav in Resources */,
				0F0270AB21C17035006D4AA5 /* 1_13_11_Ramler.wav in Resources */,
				0F0270A721C17035006D4AA5 /* 2_14_16_Gleim_alt.wav in Resources */,
				B9C2004920CFF281002D640B /* gleim_portrait.wav in Resources */,
				0F0270C921C17035006D4AA5 /* 1_17_12_Nicolai.wav in Resources */,
				0F02703121C16E8F006D4AA5 /* 2_20_16_LaRoche.wav in Resources */,
				0F0270D321C17035006D4AA5 /* 2_20_14_LaRoche.wav in Resources */,
				0F0270B621C17035006D4AA5 /* 1_22_14_Weitsch.wav in Resources */,
				0FAEDCA32179FFD400007443 /* Test_Box2.aif in Resources */,
				0F0270B421C17035006D4AA5 /* 1_13_14_Ramler.wav in Resources */,
				0F02702E21C16E8F006D4AA5 /* 2_16_12_Recke.wav in Resources */,
				0F0270D121C17035006D4AA5 /* 2_15_13_Karsch.wav in Resources */,
				0F02709A21C17035006D4AA5 /* 2_26_13_Eschenburg.wav in Resources */,
				0F02702221C16E8F006D4AA5 /* 2_15_14_Karsch.wav in Resources */,
				0F0270A821C17035006D4AA5 /* 2_26_10_Eschenburg.wav in Resources */,
				0F0270CA21C17035006D4AA5 /* 1_13_16_Ramler.wav in Resources */,
				0F0270BE21C17035006D4AA5 /* 2_27_17_Klotz.wav in Resources */,
				0F0270A521C17035006D4AA5 /* 2_27_14_Klotz.wav in Resources */,
				0F0270D621C17035006D4AA5 /* 2_14_10_Gleim_alt.wav in Resources */,
				0F02701A21C16E8F006D4AA5 /* 2_16_15_Recke.wav in Resources */,
				0F0270BD21C17035006D4AA5 /* 2_16_18_Recke.wav in Resources */,
				0F02709321C17035006D4AA5 /* 2_15_14_Karsch.wav in Resources */,
				0F0270D521C17035006D4AA5 /* 1_13_19_Ramler.wav in Resources */,
				0F0270E621C17035006D4AA5 /* 1_17_18_Nicolai.wav in Resources */,
				0F02709F21C17035006D4AA5 /* 2_20_13_LaRoche.wav in Resources */,
				0F02701621C16E8F006D4AA5 /* 2_15_17_Karsch.wav in Resources */,
				0F0270C421C17035006D4AA5 /* 1_17_10_Nicolai.wav in Resources */,
				0F0270DD21C17035006D4AA5 /* 2_20_16_LaRoche.wav in Resources */,
				0F0270DA21C17035006D4AA5 /* 1_13_12_Ramler.wav in Resources */,
				0F0270D921C17035006D4AA5 /* 1_13_13_Ramler.wav in Resources */,
				0F02709921C17035006D4AA5 /* 2_20_19_LaRoche.wav in Resources */,
				0F02701921C16E8F006D4AA5 /* 2_20_14_LaRoche.wav in Resources */,
				0F4C503421889633002C52FA /* Test_Box4.aif in Resources */,
				0F0270A421C17035006D4AA5 /* 2_27_10_Klotz.wav in Resources */,
				0F02709821C17035006D4AA5 /* 2_15_11_Karsch.wav in Resources */,
				0F0270DB21C17035006D4AA5 /* 1_17_16_Nicolai.wav in Resources */,
				0F0270D721C17035006D4AA5 /* 2_14_12_Gleim_alt.wav in Resources */,
				0F0270CE21C17035006D4AA5 /* 1_22_18_Weitsch.wav in Resources */,
				0F02702821C16E8F006D4AA5 /* 2_15_15_Karsch.wav in Resources */,
				0F0270B521C17035006D4AA5 /* 1_22_11_Weitsch.wav in Resources */,
				0F02702721C16E8F006D4AA5 /* 2_15_10_Karsch.wav in Resources */,
				B909C68720CD8B0000C96EEA /* file.txt in Resources */,
				0F02709D21C17035006D4AA5 /* 1_22_10_Weitsch.wav in Resources */,
				0F02701E21C16E8F006D4AA5 /* 2_20_15_LaRoche.wav in Resources */,
				0F0270D421C17035006D4AA5 /* 2_26_18_Eschenburg.wav in Resources */,
				0F02702621C16E8F006D4AA5 /* 2_16_11_Recke.wav in Resources */,
				0F0270E321C17035006D4AA5 /* 2_20_17_LaRoche.wav in Resources */,
				0F02702421C16E8F006D4AA5 /* 2_20_12_LaRoche.wav in Resources */,
				0F0270AF21C17035006D4AA5 /* 1_22_17_Weitsch.wav in Resources */,
				0F0270C221C17035006D4AA5 /* 2_20_11_LaRoche.wav in Resources */,
				0F0270CC21C17035006D4AA5 /* 1_17_13_Nicolai.wav in Resources */,
				0F02709521C17035006D4AA5 /* 2_16_12_Recke.wav in Resources */,
				0F02701821C16E8F006D4AA5 /* 2_16_10_Recke.wav in Resources */,
				B9C2004B20CFF28D002D640B /* lavater_gleim.wav in Resources */,
				0F02702921C16E8F006D4AA5 /* 2_15_19_Karsch.wav in Resources */,
				0F0270B121C17035006D4AA5 /* 1_13_15_Ramler.wav in Resources */,
				0F02703221C16E8F006D4AA5 /* 2_15_18_Karsch.wav in Resources */,
				0F0270DE21C17035006D4AA5 /* 2_15_10_Karsch.wav in Resources */,
				0F02701F21C16E8F006D4AA5 /* 2_15_16_Karsch.wav in Resources */,
				0F0270B921C17035006D4AA5 /* 2_26_16_Eschenburg.wav in Resources */,
				0F0270BA21C17035006D4AA5 /* 2_27_12_Klotz.wav in Resources */,
				0F0270A321C17035006D4AA5 /* 2_16_13_Recke.wav in Resources */,
				0F0270C621C17035006D4AA5 /* 2_15_16_Karsch.wav in Resources */,
				0F02708E21C17035006D4AA5 /* 2_20_15_LaRoche.wav in Resources */,
				0F02709021C17035006D4AA5 /* 2_14_17_Gleim_alt.wav in Resources */,
				0F0270AC21C17035006D4AA5 /* 1_17_15_Nicolai.wav in Resources */,
				0F0270CF21C17035006D4AA5 /* 2_14_18_Gleim_alt.wav in Resources */,
				0F0270B821C17035006D4AA5 /* 2_14_15_Gleim_alt.wav in Resources */,
				0F02702A21C16E8F006D4AA5 /* 2_16_19_Recke.wav in Resources */,
				0F0270BC21C17035006D4AA5 /* 2_15_15_Karsch.wav in Resources */,
				0F0270D821C17035006D4AA5 /* 2_27_19_Klotz.wav in Resources */,
				0F02701C21C16E8F006D4AA5 /* 2_20_13_LaRoche.wav in Resources */,
				0F02708D21C17035006D4AA5 /* 2_16_11_Recke.wav in Resources */,
				0F0270CB21C17035006D4AA5 /* 2_16_19_Recke.wav in Resources */,
				0F02702C21C16E8F006D4AA5 /* 2_20_18_LaRoche.wav in Resources */,
				0F02709721C17035006D4AA5 /* 2_20_12_LaRoche.wav in Resources */,
				0F02709C21C17035006D4AA5 /* 2_27_15_Klotz.wav in Resources */,
				0F0270DF21C17035006D4AA5 /* 2_27_13_Klotz.wav in Resources */,
				0F0270BB21C17035006D4AA5 /* 2_14_11_Gleim_alt.wav in Resources */,
				0F02702021C16E8F006D4AA5 /* 2_20_10_LaRoche.wav in Resources */,
				0F02701D21C16E8F006D4AA5 /* 2_16_13_Recke.wav in Resources */,
				0F02701721C16E8F006D4AA5 /* 2_16_16_Recke.wav in Resources */,
				0F0270C821C17035006D4AA5 /* 2_27_16_Klotz.wav in Resources */,
				0F0270E521C17035006D4AA5 /* 1_22_15_Weitsch.wav in Resources */,
				0F02701B21C16E8F006D4AA5 /* 2_16_17_Recke.wav in Resources */,
				0F0270A121C17035006D4AA5 /* 2_15_17_Karsch.wav in Resources */,
				0FAEDCA5217A00CA00007443 /* Test_Box1.aif in Resources */,
				0F0270C721C17035006D4AA5 /* 2_16_15_Recke.wav in Resources */,
				0F0270AD21C17035006D4AA5 /* 2_27_11_Klotz.wav in Resources */,
				0F02702B21C16E8F006D4AA5 /* 2_15_12_Karsch.wav in Resources */,
				0F02709421C17035006D4AA5 /* 2_15_18_Karsch.wav in Resources */,
				0F0270C121C17035006D4AA5 /* 2_14_13_Gleim_alt.wav in Resources */,
				0F02702521C16E8F006D4AA5 /* 2_20_19_LaRoche.wav in Resources */,
				0F02709121C17035006D4AA5 /* 2_26_14_Eschenburg.wav in Resources */,
				0F0270D021C17035006D4AA5 /* 2_15_12_Karsch.wav in Resources */,
				0F02701521C16E8F006D4AA5 /* 2_16_18_Recke.wav in Resources */,
				0F02702F21C16E8F006D4AA5 /* 2_15_13_Karsch.wav in Resources */,
				0F02703021C16E8F006D4AA5 /* 2_20_11_LaRoche.wav in Resources */,
				0F02709E21C17035006D4AA5 /* 2_16_17_Recke.wav in Resources */,
				F9342AB41FC1E32F0018FC78 /* Main.storyboard in Resources */,
				0F0270D221C17035006D4AA5 /* 2_20_10_LaRoche.wav in Resources */,
				0FCD95A021809E4300051951 /* SystemFertigGeladen.wav in Resources */,
				0F225E05218066A500EAE6FB /* pling.wav in Resources */,
				0F02709621C17035006D4AA5 /* 1_13_10_Ramler.wav in Resources */,
				0F02708F21C17035006D4AA5 /* 1_17_14_Nicolai.wav in Resources */,
				0F02709B21C17035006D4AA5 /* 1_17_17_Nicolai.wav in Resources */,
				0F02702D21C16E8F006D4AA5 /* 2_15_11_Karsch.wav in Resources */,
				0F02702321C16E8F006D4AA5 /* 2_16_14_Recke.wav in Resources */,
				0F0270A621C17035006D4AA5 /* 2_26_15_Eschenburg.wav in Resources */,
				0F0270E121C17035006D4AA5 /* 2_26_17_Eschenburg.wav in Resources */,
			);
			runOnlyForDeploymentPostprocessing = 0;
		};
		F9342AB91FC1E32F0018FC78 /* Resources */ = {
			isa = PBXResourcesBuildPhase;
			buildActionMask = 2147483647;
			files = (
				0F4C503121889628002C52FA /* Test_Box3.aif in Resources */,
				0FAEDCA6217A00CA00007443 /* Test_Box1.aif in Resources */,
				0F4C503521889633002C52FA /* Test_Box4.aif in Resources */,
			);
			runOnlyForDeploymentPostprocessing = 0;
		};
		F9342AC41FC1E32F0018FC78 /* Resources */ = {
			isa = PBXResourcesBuildPhase;
			buildActionMask = 2147483647;
			files = (
				0F4C503221889628002C52FA /* Test_Box3.aif in Resources */,
				0FAEDCA7217A00CA00007443 /* Test_Box1.aif in Resources */,
				0F4C503621889633002C52FA /* Test_Box4.aif in Resources */,
			);
			runOnlyForDeploymentPostprocessing = 0;
		};
/* End PBXResourcesBuildPhase section */

/* Begin PBXShellScriptBuildPhase section */
		051717BBBE5CD4D437422987 /* [CP] Embed Pods Frameworks */ = {
			isa = PBXShellScriptBuildPhase;
			buildActionMask = 2147483647;
			files = (
			);
			inputPaths = (
			);
			name = "[CP] Embed Pods Frameworks";
			outputPaths = (
			);
			runOnlyForDeploymentPostprocessing = 0;
			shellPath = /bin/sh;
			shellScript = "\"${SRCROOT}/Pods/Target Support Files/Pods-MistyTest/Pods-MistyTest-frameworks.sh\"\n";
			showEnvVarsInLog = 0;
		};
		0C3B438CA1C7961F309D818A /* [CP] Embed Pods Frameworks */ = {
			isa = PBXShellScriptBuildPhase;
			buildActionMask = 2147483647;
			files = (
			);
			inputPaths = (
			);
			name = "[CP] Embed Pods Frameworks";
			outputPaths = (
			);
			runOnlyForDeploymentPostprocessing = 0;
			shellPath = /bin/sh;
			shellScript = "\"${SRCROOT}/Pods/Target Support Files/Pods-MistyTestUITests/Pods-MistyTestUITests-frameworks.sh\"\n";
			showEnvVarsInLog = 0;
		};
		1A9CE6D1AF06F94FBEBA8F7C /* [CP] Copy Pods Resources */ = {
			isa = PBXShellScriptBuildPhase;
			buildActionMask = 2147483647;
			files = (
			);
			inputPaths = (
			);
			name = "[CP] Copy Pods Resources";
			outputPaths = (
			);
			runOnlyForDeploymentPostprocessing = 0;
			shellPath = /bin/sh;
			shellScript = "\"${SRCROOT}/Pods/Target Support Files/Pods-MistyTestTests/Pods-MistyTestTests-resources.sh\"\n";
			showEnvVarsInLog = 0;
		};
		1D50626F4FDBB6B364D35F09 /* [CP] Copy Pods Resources */ = {
			isa = PBXShellScriptBuildPhase;
			buildActionMask = 2147483647;
			files = (
			);
			inputPaths = (
			);
			name = "[CP] Copy Pods Resources";
			outputPaths = (
			);
			runOnlyForDeploymentPostprocessing = 0;
			shellPath = /bin/sh;
			shellScript = "\"${SRCROOT}/Pods/Target Support Files/Pods-MistyTest/Pods-MistyTest-resources.sh\"\n";
			showEnvVarsInLog = 0;
		};
		4CAE841556534B2DF2CAEF2E /* [CP] Check Pods Manifest.lock */ = {
			isa = PBXShellScriptBuildPhase;
			buildActionMask = 2147483647;
			files = (
			);
			inputPaths = (
			);
			name = "[CP] Check Pods Manifest.lock";
			outputPaths = (
			);
			runOnlyForDeploymentPostprocessing = 0;
			shellPath = /bin/sh;
			shellScript = "diff \"${PODS_ROOT}/../Podfile.lock\" \"${PODS_ROOT}/Manifest.lock\" > /dev/null\nif [ $? != 0 ] ; then\n    # print error to STDERR\n    echo \"error: The sandbox is not in sync with the Podfile.lock. Run 'pod install' or update your CocoaPods installation.\" >&2\n    exit 1\nfi\n";
			showEnvVarsInLog = 0;
		};
		7D39A151DF741B594410A48C /* [CP] Embed Pods Frameworks */ = {
			isa = PBXShellScriptBuildPhase;
			buildActionMask = 2147483647;
			files = (
			);
			inputPaths = (
			);
			name = "[CP] Embed Pods Frameworks";
			outputPaths = (
			);
			runOnlyForDeploymentPostprocessing = 0;
			shellPath = /bin/sh;
			shellScript = "\"${SRCROOT}/Pods/Target Support Files/Pods-MistyTestTests/Pods-MistyTestTests-frameworks.sh\"\n";
			showEnvVarsInLog = 0;
		};
		87B13E5E02C10967D6D1C333 /* [CP] Copy Pods Resources */ = {
			isa = PBXShellScriptBuildPhase;
			buildActionMask = 2147483647;
			files = (
			);
			inputPaths = (
			);
			name = "[CP] Copy Pods Resources";
			outputPaths = (
			);
			runOnlyForDeploymentPostprocessing = 0;
			shellPath = /bin/sh;
			shellScript = "\"${SRCROOT}/Pods/Target Support Files/Pods-MistyTestUITests/Pods-MistyTestUITests-resources.sh\"\n";
			showEnvVarsInLog = 0;
		};
		9E8BC5E193C4084DC7A768CE /* [CP] Check Pods Manifest.lock */ = {
			isa = PBXShellScriptBuildPhase;
			buildActionMask = 2147483647;
			files = (
			);
			inputPaths = (
			);
			name = "[CP] Check Pods Manifest.lock";
			outputPaths = (
			);
			runOnlyForDeploymentPostprocessing = 0;
			shellPath = /bin/sh;
			shellScript = "diff \"${PODS_ROOT}/../Podfile.lock\" \"${PODS_ROOT}/Manifest.lock\" > /dev/null\nif [ $? != 0 ] ; then\n    # print error to STDERR\n    echo \"error: The sandbox is not in sync with the Podfile.lock. Run 'pod install' or update your CocoaPods installation.\" >&2\n    exit 1\nfi\n";
			showEnvVarsInLog = 0;
		};
		C05C73EF1448DB075FEA89D6 /* [CP] Check Pods Manifest.lock */ = {
			isa = PBXShellScriptBuildPhase;
			buildActionMask = 2147483647;
			files = (
			);
			inputPaths = (
			);
			name = "[CP] Check Pods Manifest.lock";
			outputPaths = (
			);
			runOnlyForDeploymentPostprocessing = 0;
			shellPath = /bin/sh;
			shellScript = "diff \"${PODS_ROOT}/../Podfile.lock\" \"${PODS_ROOT}/Manifest.lock\" > /dev/null\nif [ $? != 0 ] ; then\n    # print error to STDERR\n    echo \"error: The sandbox is not in sync with the Podfile.lock. Run 'pod install' or update your CocoaPods installation.\" >&2\n    exit 1\nfi\n";
			showEnvVarsInLog = 0;
		};
/* End PBXShellScriptBuildPhase section */

/* Begin PBXSourcesBuildPhase section */
		F9342AA51FC1E32F0018FC78 /* Sources */ = {
			isa = PBXSourcesBuildPhase;
			buildActionMask = 2147483647;
			files = (
				B9146FB020889BB4000FCF4F /* FileStalker.swift in Sources */,
				B91FE790209C62BB00638CAB /* XmlMenuReader.swift in Sources */,
				F9342AAF1FC1E32F0018FC78 /* ViewController.swift in Sources */,
				0F57506321B7C562008B9850 /* WindowController.swift in Sources */,
				B9535C8C207A401400E34868 /* GleimMenu.swift in Sources */,
				B9535C8E207A43DF00E34868 /* MenuCreator.swift in Sources */,
				F9342AAD1FC1E32F0018FC78 /* AppDelegate.swift in Sources */,
			);
			runOnlyForDeploymentPostprocessing = 0;
		};
		F9342AB71FC1E32F0018FC78 /* Sources */ = {
			isa = PBXSourcesBuildPhase;
			buildActionMask = 2147483647;
			files = (
				F9342AC01FC1E32F0018FC78 /* MistyTestTests.swift in Sources */,
			);
			runOnlyForDeploymentPostprocessing = 0;
		};
		F9342AC21FC1E32F0018FC78 /* Sources */ = {
			isa = PBXSourcesBuildPhase;
			buildActionMask = 2147483647;
			files = (
				F9342ACB1FC1E32F0018FC78 /* MistyTestUITests.swift in Sources */,
			);
			runOnlyForDeploymentPostprocessing = 0;
		};
/* End PBXSourcesBuildPhase section */

/* Begin PBXTargetDependency section */
		F9342ABD1FC1E32F0018FC78 /* PBXTargetDependency */ = {
			isa = PBXTargetDependency;
			target = F9342AA81FC1E32F0018FC78 /* MistyTest */;
			targetProxy = F9342ABC1FC1E32F0018FC78 /* PBXContainerItemProxy */;
		};
		F9342AC81FC1E32F0018FC78 /* PBXTargetDependency */ = {
			isa = PBXTargetDependency;
			target = F9342AA81FC1E32F0018FC78 /* MistyTest */;
			targetProxy = F9342AC71FC1E32F0018FC78 /* PBXContainerItemProxy */;
		};
/* End PBXTargetDependency section */

/* Begin PBXVariantGroup section */
		F9342AB21FC1E32F0018FC78 /* Main.storyboard */ = {
			isa = PBXVariantGroup;
			children = (
				F9342AB31FC1E32F0018FC78 /* Base */,
			);
			name = Main.storyboard;
			sourceTree = "<group>";
		};
/* End PBXVariantGroup section */

/* Begin XCBuildConfiguration section */
		F9342ACD1FC1E32F0018FC78 /* Debug */ = {
			isa = XCBuildConfiguration;
			buildSettings = {
				ALWAYS_SEARCH_USER_PATHS = NO;
				CLANG_ANALYZER_NONNULL = YES;
				CLANG_ANALYZER_NUMBER_OBJECT_CONVERSION = YES_AGGRESSIVE;
				CLANG_CXX_LANGUAGE_STANDARD = "gnu++14";
				CLANG_CXX_LIBRARY = "libc++";
				CLANG_ENABLE_MODULES = YES;
				CLANG_ENABLE_OBJC_ARC = YES;
				CLANG_WARN_BLOCK_CAPTURE_AUTORELEASING = YES;
				CLANG_WARN_BOOL_CONVERSION = YES;
				CLANG_WARN_COMMA = YES;
				CLANG_WARN_CONSTANT_CONVERSION = YES;
				CLANG_WARN_DEPRECATED_OBJC_IMPLEMENTATIONS = YES;
				CLANG_WARN_DIRECT_OBJC_ISA_USAGE = YES_ERROR;
				CLANG_WARN_DOCUMENTATION_COMMENTS = YES;
				CLANG_WARN_EMPTY_BODY = YES;
				CLANG_WARN_ENUM_CONVERSION = YES;
				CLANG_WARN_INFINITE_RECURSION = YES;
				CLANG_WARN_INT_CONVERSION = YES;
				CLANG_WARN_NON_LITERAL_NULL_CONVERSION = YES;
				CLANG_WARN_OBJC_IMPLICIT_RETAIN_SELF = YES;
				CLANG_WARN_OBJC_LITERAL_CONVERSION = YES;
				CLANG_WARN_OBJC_ROOT_CLASS = YES_ERROR;
				CLANG_WARN_RANGE_LOOP_ANALYSIS = YES;
				CLANG_WARN_STRICT_PROTOTYPES = YES;
				CLANG_WARN_SUSPICIOUS_MOVE = YES;
				CLANG_WARN_UNGUARDED_AVAILABILITY = YES_AGGRESSIVE;
				CLANG_WARN_UNREACHABLE_CODE = YES;
				CLANG_WARN__DUPLICATE_METHOD_MATCH = YES;
				CODE_SIGN_IDENTITY = "-";
				COPY_PHASE_STRIP = NO;
				DEBUG_INFORMATION_FORMAT = dwarf;
				ENABLE_STRICT_OBJC_MSGSEND = YES;
				ENABLE_TESTABILITY = YES;
				GCC_C_LANGUAGE_STANDARD = gnu11;
				GCC_DYNAMIC_NO_PIC = NO;
				GCC_NO_COMMON_BLOCKS = YES;
				GCC_OPTIMIZATION_LEVEL = 0;
				GCC_PREPROCESSOR_DEFINITIONS = (
					"DEBUG=1",
					"$(inherited)",
				);
				GCC_WARN_64_TO_32_BIT_CONVERSION = YES;
				GCC_WARN_ABOUT_RETURN_TYPE = YES_ERROR;
				GCC_WARN_UNDECLARED_SELECTOR = YES;
				GCC_WARN_UNINITIALIZED_AUTOS = YES_AGGRESSIVE;
				GCC_WARN_UNUSED_FUNCTION = YES;
				GCC_WARN_UNUSED_VARIABLE = YES;
				MACOSX_DEPLOYMENT_TARGET = 10.12;
				MTL_ENABLE_DEBUG_INFO = YES;
				ONLY_ACTIVE_ARCH = YES;
				SDKROOT = macosx;
				SWIFT_ACTIVE_COMPILATION_CONDITIONS = DEBUG;
				SWIFT_OBJC_BRIDGING_HEADER = "MistyTest/SwiftSerial-Bridging-Header.h";
				SWIFT_OPTIMIZATION_LEVEL = "-Onone";
			};
			name = Debug;
		};
		F9342ACE1FC1E32F0018FC78 /* Release */ = {
			isa = XCBuildConfiguration;
			buildSettings = {
				ALWAYS_SEARCH_USER_PATHS = NO;
				CLANG_ANALYZER_NONNULL = YES;
				CLANG_ANALYZER_NUMBER_OBJECT_CONVERSION = YES_AGGRESSIVE;
				CLANG_CXX_LANGUAGE_STANDARD = "gnu++14";
				CLANG_CXX_LIBRARY = "libc++";
				CLANG_ENABLE_MODULES = YES;
				CLANG_ENABLE_OBJC_ARC = YES;
				CLANG_WARN_BLOCK_CAPTURE_AUTORELEASING = YES;
				CLANG_WARN_BOOL_CONVERSION = YES;
				CLANG_WARN_COMMA = YES;
				CLANG_WARN_CONSTANT_CONVERSION = YES;
				CLANG_WARN_DEPRECATED_OBJC_IMPLEMENTATIONS = YES;
				CLANG_WARN_DIRECT_OBJC_ISA_USAGE = YES_ERROR;
				CLANG_WARN_DOCUMENTATION_COMMENTS = YES;
				CLANG_WARN_EMPTY_BODY = YES;
				CLANG_WARN_ENUM_CONVERSION = YES;
				CLANG_WARN_INFINITE_RECURSION = YES;
				CLANG_WARN_INT_CONVERSION = YES;
				CLANG_WARN_NON_LITERAL_NULL_CONVERSION = YES;
				CLANG_WARN_OBJC_IMPLICIT_RETAIN_SELF = YES;
				CLANG_WARN_OBJC_LITERAL_CONVERSION = YES;
				CLANG_WARN_OBJC_ROOT_CLASS = YES_ERROR;
				CLANG_WARN_RANGE_LOOP_ANALYSIS = YES;
				CLANG_WARN_STRICT_PROTOTYPES = YES;
				CLANG_WARN_SUSPICIOUS_MOVE = YES;
				CLANG_WARN_UNGUARDED_AVAILABILITY = YES_AGGRESSIVE;
				CLANG_WARN_UNREACHABLE_CODE = YES;
				CLANG_WARN__DUPLICATE_METHOD_MATCH = YES;
				CODE_SIGN_IDENTITY = "-";
				COPY_PHASE_STRIP = NO;
				DEBUG_INFORMATION_FORMAT = "dwarf-with-dsym";
				ENABLE_NS_ASSERTIONS = NO;
				ENABLE_STRICT_OBJC_MSGSEND = YES;
				GCC_C_LANGUAGE_STANDARD = gnu11;
				GCC_NO_COMMON_BLOCKS = YES;
				GCC_WARN_64_TO_32_BIT_CONVERSION = YES;
				GCC_WARN_ABOUT_RETURN_TYPE = YES_ERROR;
				GCC_WARN_UNDECLARED_SELECTOR = YES;
				GCC_WARN_UNINITIALIZED_AUTOS = YES_AGGRESSIVE;
				GCC_WARN_UNUSED_FUNCTION = YES;
				GCC_WARN_UNUSED_VARIABLE = YES;
				MACOSX_DEPLOYMENT_TARGET = 10.12;
				MTL_ENABLE_DEBUG_INFO = NO;
				SDKROOT = macosx;
				SWIFT_OBJC_BRIDGING_HEADER = "MistyTest/SwiftSerial-Bridging-Header.h";
				SWIFT_OPTIMIZATION_LEVEL = "-Owholemodule";
			};
			name = Release;
		};
		F9342AD01FC1E32F0018FC78 /* Debug */ = {
			isa = XCBuildConfiguration;
			baseConfigurationReference = 78D562FAB3BA04F526777F5E /* Pods-MistyTest.debug.xcconfig */;
			buildSettings = {
				ASSETCATALOG_COMPILER_APPICON_NAME = AppIcon;
				CODE_SIGN_ENTITLEMENTS = MistyTest/MistyTest.entitlements;
				CODE_SIGN_STYLE = Manual;
				COMBINE_HIDPI_IMAGES = YES;
				DEVELOPMENT_TEAM = "";
				INFOPLIST_FILE = MistyTest/Info.plist;
				LD_RUNPATH_SEARCH_PATHS = "$(inherited) @executable_path/../Frameworks";
				PRODUCT_BUNDLE_IDENTIFIER = misty.MistyTest;
				PRODUCT_NAME = "$(TARGET_NAME)";
				PROVISIONING_PROFILE_SPECIFIER = "";
				SWIFT_VERSION = 4.0;
			};
			name = Debug;
		};
		F9342AD11FC1E32F0018FC78 /* Release */ = {
			isa = XCBuildConfiguration;
			baseConfigurationReference = 2C9E7484F2DC6527AC5F39EA /* Pods-MistyTest.release.xcconfig */;
			buildSettings = {
				ASSETCATALOG_COMPILER_APPICON_NAME = AppIcon;
				CODE_SIGN_ENTITLEMENTS = MistyTest/MistyTest.entitlements;
				CODE_SIGN_STYLE = Manual;
				COMBINE_HIDPI_IMAGES = YES;
				DEVELOPMENT_TEAM = "";
				INFOPLIST_FILE = MistyTest/Info.plist;
				LD_RUNPATH_SEARCH_PATHS = "$(inherited) @executable_path/../Frameworks";
				PRODUCT_BUNDLE_IDENTIFIER = misty.MistyTest;
				PRODUCT_NAME = "$(TARGET_NAME)";
				PROVISIONING_PROFILE_SPECIFIER = "";
				SWIFT_VERSION = 4.0;
			};
			name = Release;
		};
		F9342AD31FC1E32F0018FC78 /* Debug */ = {
			isa = XCBuildConfiguration;
			baseConfigurationReference = C531BC932F86807209861792 /* Pods-MistyTestTests.debug.xcconfig */;
			buildSettings = {
				ALWAYS_EMBED_SWIFT_STANDARD_LIBRARIES = YES;
				BUNDLE_LOADER = "$(TEST_HOST)";
				CODE_SIGN_STYLE = Automatic;
				COMBINE_HIDPI_IMAGES = YES;
				INFOPLIST_FILE = MistyTestTests/Info.plist;
				LD_RUNPATH_SEARCH_PATHS = "$(inherited) @executable_path/../Frameworks @loader_path/../Frameworks";
				PRODUCT_BUNDLE_IDENTIFIER = misty.MistyTestTests;
				PRODUCT_NAME = "$(TARGET_NAME)";
				SWIFT_VERSION = 4.0;
				TEST_HOST = "$(BUILT_PRODUCTS_DIR)/MistyTest.app/Contents/MacOS/MistyTest";
			};
			name = Debug;
		};
		F9342AD41FC1E32F0018FC78 /* Release */ = {
			isa = XCBuildConfiguration;
			baseConfigurationReference = 25C55FCA9A662A545E6E7D00 /* Pods-MistyTestTests.release.xcconfig */;
			buildSettings = {
				ALWAYS_EMBED_SWIFT_STANDARD_LIBRARIES = YES;
				BUNDLE_LOADER = "$(TEST_HOST)";
				CODE_SIGN_STYLE = Automatic;
				COMBINE_HIDPI_IMAGES = YES;
				INFOPLIST_FILE = MistyTestTests/Info.plist;
				LD_RUNPATH_SEARCH_PATHS = "$(inherited) @executable_path/../Frameworks @loader_path/../Frameworks";
				PRODUCT_BUNDLE_IDENTIFIER = misty.MistyTestTests;
				PRODUCT_NAME = "$(TARGET_NAME)";
				SWIFT_VERSION = 4.0;
				TEST_HOST = "$(BUILT_PRODUCTS_DIR)/MistyTest.app/Contents/MacOS/MistyTest";
			};
			name = Release;
		};
		F9342AD61FC1E32F0018FC78 /* Debug */ = {
			isa = XCBuildConfiguration;
			baseConfigurationReference = 8F9CBE9D9D17C39CFED34C78 /* Pods-MistyTestUITests.debug.xcconfig */;
			buildSettings = {
				ALWAYS_EMBED_SWIFT_STANDARD_LIBRARIES = YES;
				CODE_SIGN_STYLE = Automatic;
				COMBINE_HIDPI_IMAGES = YES;
				INFOPLIST_FILE = MistyTestUITests/Info.plist;
				LD_RUNPATH_SEARCH_PATHS = "$(inherited) @executable_path/../Frameworks @loader_path/../Frameworks";
				PRODUCT_BUNDLE_IDENTIFIER = misty.MistyTestUITests;
				PRODUCT_NAME = "$(TARGET_NAME)";
				SWIFT_VERSION = 4.0;
				TEST_TARGET_NAME = MistyTest;
			};
			name = Debug;
		};
		F9342AD71FC1E32F0018FC78 /* Release */ = {
			isa = XCBuildConfiguration;
			baseConfigurationReference = 595C79FB4A23BFFC9D9A098F /* Pods-MistyTestUITests.release.xcconfig */;
			buildSettings = {
				ALWAYS_EMBED_SWIFT_STANDARD_LIBRARIES = YES;
				CODE_SIGN_STYLE = Automatic;
				COMBINE_HIDPI_IMAGES = YES;
				INFOPLIST_FILE = MistyTestUITests/Info.plist;
				LD_RUNPATH_SEARCH_PATHS = "$(inherited) @executable_path/../Frameworks @loader_path/../Frameworks";
				PRODUCT_BUNDLE_IDENTIFIER = misty.MistyTestUITests;
				PRODUCT_NAME = "$(TARGET_NAME)";
				SWIFT_VERSION = 4.0;
				TEST_TARGET_NAME = MistyTest;
			};
			name = Release;
		};
/* End XCBuildConfiguration section */

/* Begin XCConfigurationList section */
		F9342AA41FC1E32F0018FC78 /* Build configuration list for PBXProject "MistyTest" */ = {
			isa = XCConfigurationList;
			buildConfigurations = (
				F9342ACD1FC1E32F0018FC78 /* Debug */,
				F9342ACE1FC1E32F0018FC78 /* Release */,
			);
			defaultConfigurationIsVisible = 0;
			defaultConfigurationName = Release;
		};
		F9342ACF1FC1E32F0018FC78 /* Build configuration list for PBXNativeTarget "MistyTest" */ = {
			isa = XCConfigurationList;
			buildConfigurations = (
				F9342AD01FC1E32F0018FC78 /* Debug */,
				F9342AD11FC1E32F0018FC78 /* Release */,
			);
			defaultConfigurationIsVisible = 0;
			defaultConfigurationName = Release;
		};
		F9342AD21FC1E32F0018FC78 /* Build configuration list for PBXNativeTarget "MistyTestTests" */ = {
			isa = XCConfigurationList;
			buildConfigurations = (
				F9342AD31FC1E32F0018FC78 /* Debug */,
				F9342AD41FC1E32F0018FC78 /* Release */,
			);
			defaultConfigurationIsVisible = 0;
			defaultConfigurationName = Release;
		};
		F9342AD51FC1E32F0018FC78 /* Build configuration list for PBXNativeTarget "MistyTestUITests" */ = {
			isa = XCConfigurationList;
			buildConfigurations = (
				F9342AD61FC1E32F0018FC78 /* Debug */,
				F9342AD71FC1E32F0018FC78 /* Release */,
			);
			defaultConfigurationIsVisible = 0;
			defaultConfigurationName = Release;
		};
/* End XCConfigurationList section */
	};
	rootObject = F9342AA11FC1E32F0018FC78 /* Project object */;
}
